// !$*UTF8*$!
{
	archiveVersion = 1;
	classes = {
	};
	objectVersion = 55;
	objects = {

/* Begin PBXBuildFile section */
		E826D3B52841AEC7004062AB /* APILayer.docc in Sources */ = {isa = PBXBuildFile; fileRef = E826D3B42841AEC7004062AB /* APILayer.docc */; };
		E826D3BB2841AEC7004062AB /* APILayer.framework in Frameworks */ = {isa = PBXBuildFile; fileRef = E826D3B02841AEC7004062AB /* APILayer.framework */; };
		E826D3CF2841B0B8004062AB /* DecodableRemoteLoaderTests.swift in Sources */ = {isa = PBXBuildFile; fileRef = E826D3CE2841B0B8004062AB /* DecodableRemoteLoaderTests.swift */; };
		E83EC12A284A5293006ACAEB /* DecodableLoader.swift in Sources */ = {isa = PBXBuildFile; fileRef = E83EC129284A5293006ACAEB /* DecodableLoader.swift */; };
		E8D7CE6428437DAE005FA33F /* DecodableRemoteLoader.swift in Sources */ = {isa = PBXBuildFile; fileRef = E8D7CE6328437DAD005FA33F /* DecodableRemoteLoader.swift */; };
		E8D7CE6628438BEA005FA33F /* TestHelper.swift in Sources */ = {isa = PBXBuildFile; fileRef = E8D7CE6528438BEA005FA33F /* TestHelper.swift */; };
		E8D7CE6828438CD7005FA33F /* DecodingTests.swift in Sources */ = {isa = PBXBuildFile; fileRef = E8D7CE6728438CD7005FA33F /* DecodingTests.swift */; };
		E8D7CE6A28438DC3005FA33F /* Wallet.swift in Sources */ = {isa = PBXBuildFile; fileRef = E8D7CE6928438DC3005FA33F /* Wallet.swift */; };
		E8D7CE6D28439C73005FA33F /* Wallets.swift in Sources */ = {isa = PBXBuildFile; fileRef = E8D7CE6C28439C73005FA33F /* Wallets.swift */; };
		E8D7CE6F28439C8F005FA33F /* Transaction.swift in Sources */ = {isa = PBXBuildFile; fileRef = E8D7CE6E28439C8F005FA33F /* Transaction.swift */; };
		E8D7CE7128439D0B005FA33F /* Histories.swift in Sources */ = {isa = PBXBuildFile; fileRef = E8D7CE7028439D0B005FA33F /* Histories.swift */; };
/* End PBXBuildFile section */

/* Begin PBXContainerItemProxy section */
		E826D3BC2841AEC7004062AB /* PBXContainerItemProxy */ = {
			isa = PBXContainerItemProxy;
			containerPortal = E826D3A72841AEC7004062AB /* Project object */;
			proxyType = 1;
			remoteGlobalIDString = E826D3AF2841AEC7004062AB;
			remoteInfo = APILayer;
		};
/* End PBXContainerItemProxy section */

/* Begin PBXFileReference section */
		E826D3B02841AEC7004062AB /* APILayer.framework */ = {isa = PBXFileReference; explicitFileType = wrapper.framework; includeInIndex = 0; path = APILayer.framework; sourceTree = BUILT_PRODUCTS_DIR; };
		E826D3B42841AEC7004062AB /* APILayer.docc */ = {isa = PBXFileReference; lastKnownFileType = folder.documentationcatalog; path = APILayer.docc; sourceTree = "<group>"; };
		E826D3BA2841AEC7004062AB /* APILayerTests.xctest */ = {isa = PBXFileReference; explicitFileType = wrapper.cfbundle; includeInIndex = 0; path = APILayerTests.xctest; sourceTree = BUILT_PRODUCTS_DIR; };
		E826D3CE2841B0B8004062AB /* DecodableRemoteLoaderTests.swift */ = {isa = PBXFileReference; lastKnownFileType = sourcecode.swift; path = DecodableRemoteLoaderTests.swift; sourceTree = "<group>"; };
		E83EC129284A5293006ACAEB /* DecodableLoader.swift */ = {isa = PBXFileReference; lastKnownFileType = sourcecode.swift; path = DecodableLoader.swift; sourceTree = "<group>"; };
		E8D7CE6328437DAD005FA33F /* DecodableRemoteLoader.swift */ = {isa = PBXFileReference; lastKnownFileType = sourcecode.swift; path = DecodableRemoteLoader.swift; sourceTree = "<group>"; };
		E8D7CE6528438BEA005FA33F /* TestHelper.swift */ = {isa = PBXFileReference; lastKnownFileType = sourcecode.swift; path = TestHelper.swift; sourceTree = "<group>"; };
		E8D7CE6728438CD7005FA33F /* DecodingTests.swift */ = {isa = PBXFileReference; lastKnownFileType = sourcecode.swift; path = DecodingTests.swift; sourceTree = "<group>"; };
		E8D7CE6928438DC3005FA33F /* Wallet.swift */ = {isa = PBXFileReference; lastKnownFileType = sourcecode.swift; path = Wallet.swift; sourceTree = "<group>"; };
		E8D7CE6C28439C73005FA33F /* Wallets.swift */ = {isa = PBXFileReference; lastKnownFileType = sourcecode.swift; path = Wallets.swift; sourceTree = "<group>"; };
		E8D7CE6E28439C8F005FA33F /* Transaction.swift */ = {isa = PBXFileReference; lastKnownFileType = sourcecode.swift; path = Transaction.swift; sourceTree = "<group>"; };
		E8D7CE7028439D0B005FA33F /* Histories.swift */ = {isa = PBXFileReference; lastKnownFileType = sourcecode.swift; path = Histories.swift; sourceTree = "<group>"; };
/* End PBXFileReference section */

/* Begin PBXFrameworksBuildPhase section */
		E826D3AD2841AEC7004062AB /* Frameworks */ = {
			isa = PBXFrameworksBuildPhase;
			buildActionMask = 2147483647;
			files = (
			);
			runOnlyForDeploymentPostprocessing = 0;
		};
		E826D3B72841AEC7004062AB /* Frameworks */ = {
			isa = PBXFrameworksBuildPhase;
			buildActionMask = 2147483647;
			files = (
				E826D3BB2841AEC7004062AB /* APILayer.framework in Frameworks */,
			);
			runOnlyForDeploymentPostprocessing = 0;
		};
/* End PBXFrameworksBuildPhase section */

/* Begin PBXGroup section */
		E826D3A62841AEC7004062AB = {
			isa = PBXGroup;
			children = (
				E826D3B22841AEC7004062AB /* APILayer */,
				E826D3BE2841AEC7004062AB /* APILayerTests */,
				E826D3B12841AEC7004062AB /* Products */,
			);
			sourceTree = "<group>";
		};
		E826D3B12841AEC7004062AB /* Products */ = {
			isa = PBXGroup;
			children = (
				E826D3B02841AEC7004062AB /* APILayer.framework */,
				E826D3BA2841AEC7004062AB /* APILayerTests.xctest */,
			);
			name = Products;
			sourceTree = "<group>";
		};
		E826D3B22841AEC7004062AB /* APILayer */ = {
			isa = PBXGroup;
			children = (
				E8D7CE6B28439C1E005FA33F /* Models */,
				E8D7CE6328437DAD005FA33F /* DecodableRemoteLoader.swift */,
				E826D3B42841AEC7004062AB /* APILayer.docc */,
				E83EC129284A5293006ACAEB /* DecodableLoader.swift */,
			);
			path = APILayer;
			sourceTree = "<group>";
		};
		E826D3BE2841AEC7004062AB /* APILayerTests */ = {
			isa = PBXGroup;
			children = (
				E8D7CE6528438BEA005FA33F /* TestHelper.swift */,
				E826D3CE2841B0B8004062AB /* DecodableRemoteLoaderTests.swift */,
				E8D7CE6728438CD7005FA33F /* DecodingTests.swift */,
			);
			path = APILayerTests;
			sourceTree = "<group>";
		};
		E8D7CE6B28439C1E005FA33F /* Models */ = {
			isa = PBXGroup;
			children = (
				E8D7CE6928438DC3005FA33F /* Wallet.swift */,
				E8D7CE6C28439C73005FA33F /* Wallets.swift */,
				E8D7CE6E28439C8F005FA33F /* Transaction.swift */,
				E8D7CE7028439D0B005FA33F /* Histories.swift */,
			);
			path = Models;
			sourceTree = "<group>";
		};
/* End PBXGroup section */

/* Begin PBXHeadersBuildPhase section */
		E826D3AB2841AEC7004062AB /* Headers */ = {
			isa = PBXHeadersBuildPhase;
			buildActionMask = 2147483647;
			files = (
			);
			runOnlyForDeploymentPostprocessing = 0;
		};
/* End PBXHeadersBuildPhase section */

/* Begin PBXNativeTarget section */
		E826D3AF2841AEC7004062AB /* APILayer */ = {
			isa = PBXNativeTarget;
			buildConfigurationList = E826D3C42841AEC7004062AB /* Build configuration list for PBXNativeTarget "APILayer" */;
			buildPhases = (
				E826D3AB2841AEC7004062AB /* Headers */,
				E826D3AC2841AEC7004062AB /* Sources */,
				E826D3AD2841AEC7004062AB /* Frameworks */,
				E826D3AE2841AEC7004062AB /* Resources */,
			);
			buildRules = (
			);
			dependencies = (
			);
			name = APILayer;
			productName = APILayer;
			productReference = E826D3B02841AEC7004062AB /* APILayer.framework */;
			productType = "com.apple.product-type.framework";
		};
		E826D3B92841AEC7004062AB /* APILayerTests */ = {
			isa = PBXNativeTarget;
			buildConfigurationList = E826D3C72841AEC7004062AB /* Build configuration list for PBXNativeTarget "APILayerTests" */;
			buildPhases = (
				E826D3B62841AEC7004062AB /* Sources */,
				E826D3B72841AEC7004062AB /* Frameworks */,
				E826D3B82841AEC7004062AB /* Resources */,
			);
			buildRules = (
			);
			dependencies = (
				E826D3BD2841AEC7004062AB /* PBXTargetDependency */,
			);
			name = APILayerTests;
			productName = APILayerTests;
			productReference = E826D3BA2841AEC7004062AB /* APILayerTests.xctest */;
			productType = "com.apple.product-type.bundle.unit-test";
		};
/* End PBXNativeTarget section */

/* Begin PBXProject section */
		E826D3A72841AEC7004062AB /* Project object */ = {
			isa = PBXProject;
			attributes = {
				BuildIndependentTargetsInParallel = 1;
				LastSwiftUpdateCheck = 1340;
				LastUpgradeCheck = 1340;
				TargetAttributes = {
					E826D3AF2841AEC7004062AB = {
						CreatedOnToolsVersion = 13.4;
					};
					E826D3B92841AEC7004062AB = {
						CreatedOnToolsVersion = 13.4;
						LastSwiftMigration = 1340;
					};
				};
			};
			buildConfigurationList = E826D3AA2841AEC7004062AB /* Build configuration list for PBXProject "APILayer" */;
			compatibilityVersion = "Xcode 13.0";
			developmentRegion = en;
			hasScannedForEncodings = 0;
			knownRegions = (
				en,
				Base,
			);
			mainGroup = E826D3A62841AEC7004062AB;
			productRefGroup = E826D3B12841AEC7004062AB /* Products */;
			projectDirPath = "";
			projectRoot = "";
			targets = (
				E826D3AF2841AEC7004062AB /* APILayer */,
				E826D3B92841AEC7004062AB /* APILayerTests */,
			);
		};
/* End PBXProject section */

/* Begin PBXResourcesBuildPhase section */
		E826D3AE2841AEC7004062AB /* Resources */ = {
			isa = PBXResourcesBuildPhase;
			buildActionMask = 2147483647;
			files = (
			);
			runOnlyForDeploymentPostprocessing = 0;
		};
		E826D3B82841AEC7004062AB /* Resources */ = {
			isa = PBXResourcesBuildPhase;
			buildActionMask = 2147483647;
			files = (
			);
			runOnlyForDeploymentPostprocessing = 0;
		};
/* End PBXResourcesBuildPhase section */

/* Begin PBXSourcesBuildPhase section */
		E826D3AC2841AEC7004062AB /* Sources */ = {
			isa = PBXSourcesBuildPhase;
			buildActionMask = 2147483647;
			files = (
				E83EC12A284A5293006ACAEB /* DecodableLoader.swift in Sources */,
				E8D7CE7128439D0B005FA33F /* Histories.swift in Sources */,
				E8D7CE6D28439C73005FA33F /* Wallets.swift in Sources */,
				E8D7CE6A28438DC3005FA33F /* Wallet.swift in Sources */,
				E8D7CE6428437DAE005FA33F /* DecodableRemoteLoader.swift in Sources */,
				E826D3B52841AEC7004062AB /* APILayer.docc in Sources */,
				E8D7CE6F28439C8F005FA33F /* Transaction.swift in Sources */,
			);
			runOnlyForDeploymentPostprocessing = 0;
		};
		E826D3B62841AEC7004062AB /* Sources */ = {
			isa = PBXSourcesBuildPhase;
			buildActionMask = 2147483647;
			files = (
				E8D7CE6828438CD7005FA33F /* DecodingTests.swift in Sources */,
				E826D3CF2841B0B8004062AB /* DecodableRemoteLoaderTests.swift in Sources */,
				E8D7CE6628438BEA005FA33F /* TestHelper.swift in Sources */,
			);
			runOnlyForDeploymentPostprocessing = 0;
		};
/* End PBXSourcesBuildPhase section */

/* Begin PBXTargetDependency section */
		E826D3BD2841AEC7004062AB /* PBXTargetDependency */ = {
			isa = PBXTargetDependency;
			target = E826D3AF2841AEC7004062AB /* APILayer */;
			targetProxy = E826D3BC2841AEC7004062AB /* PBXContainerItemProxy */;
		};
/* End PBXTargetDependency section */

/* Begin XCBuildConfiguration section */
		E826D3C22841AEC7004062AB /* Debug */ = {
			isa = XCBuildConfiguration;
			buildSettings = {
				ALWAYS_SEARCH_USER_PATHS = NO;
				CLANG_ANALYZER_NONNULL = YES;
				CLANG_ANALYZER_NUMBER_OBJECT_CONVERSION = YES_AGGRESSIVE;
				CLANG_CXX_LANGUAGE_STANDARD = "gnu++17";
				CLANG_ENABLE_MODULES = YES;
				CLANG_ENABLE_OBJC_ARC = YES;
				CLANG_ENABLE_OBJC_WEAK = YES;
				CLANG_WARN_BLOCK_CAPTURE_AUTORELEASING = YES;
				CLANG_WARN_BOOL_CONVERSION = YES;
				CLANG_WARN_COMMA = YES;
				CLANG_WARN_CONSTANT_CONVERSION = YES;
				CLANG_WARN_DEPRECATED_OBJC_IMPLEMENTATIONS = YES;
				CLANG_WARN_DIRECT_OBJC_ISA_USAGE = YES_ERROR;
				CLANG_WARN_DOCUMENTATION_COMMENTS = YES;
				CLANG_WARN_EMPTY_BODY = YES;
				CLANG_WARN_ENUM_CONVERSION = YES;
				CLANG_WARN_INFINITE_RECURSION = YES;
				CLANG_WARN_INT_CONVERSION = YES;
				CLANG_WARN_NON_LITERAL_NULL_CONVERSION = YES;
				CLANG_WARN_OBJC_IMPLICIT_RETAIN_SELF = YES;
				CLANG_WARN_OBJC_LITERAL_CONVERSION = YES;
				CLANG_WARN_OBJC_ROOT_CLASS = YES_ERROR;
				CLANG_WARN_QUOTED_INCLUDE_IN_FRAMEWORK_HEADER = YES;
				CLANG_WARN_RANGE_LOOP_ANALYSIS = YES;
				CLANG_WARN_STRICT_PROTOTYPES = YES;
				CLANG_WARN_SUSPICIOUS_MOVE = YES;
				CLANG_WARN_UNGUARDED_AVAILABILITY = YES_AGGRESSIVE;
				CLANG_WARN_UNREACHABLE_CODE = YES;
				CLANG_WARN__DUPLICATE_METHOD_MATCH = YES;
				COPY_PHASE_STRIP = NO;
				CURRENT_PROJECT_VERSION = 1;
				DEBUG_INFORMATION_FORMAT = dwarf;
				ENABLE_STRICT_OBJC_MSGSEND = YES;
				ENABLE_TESTABILITY = YES;
				GCC_C_LANGUAGE_STANDARD = gnu11;
				GCC_DYNAMIC_NO_PIC = NO;
				GCC_NO_COMMON_BLOCKS = YES;
				GCC_OPTIMIZATION_LEVEL = 0;
				GCC_PREPROCESSOR_DEFINITIONS = (
					"DEBUG=1",
					"$(inherited)",
				);
				GCC_WARN_64_TO_32_BIT_CONVERSION = YES;
				GCC_WARN_ABOUT_RETURN_TYPE = YES_ERROR;
				GCC_WARN_UNDECLARED_SELECTOR = YES;
				GCC_WARN_UNINITIALIZED_AUTOS = YES_AGGRESSIVE;
				GCC_WARN_UNUSED_FUNCTION = YES;
				GCC_WARN_UNUSED_VARIABLE = YES;
				MACOSX_DEPLOYMENT_TARGET = 12.3;
				MTL_ENABLE_DEBUG_INFO = INCLUDE_SOURCE;
				MTL_FAST_MATH = YES;
				ONLY_ACTIVE_ARCH = YES;
				SDKROOT = macosx;
				SWIFT_ACTIVE_COMPILATION_CONDITIONS = DEBUG;
				SWIFT_OPTIMIZATION_LEVEL = "-Onone";
				VERSIONING_SYSTEM = "apple-generic";
				VERSION_INFO_PREFIX = "";
			};
			name = Debug;
		};
		E826D3C32841AEC7004062AB /* Release */ = {
			isa = XCBuildConfiguration;
			buildSettings = {
				ALWAYS_SEARCH_USER_PATHS = NO;
				CLANG_ANALYZER_NONNULL = YES;
				CLANG_ANALYZER_NUMBER_OBJECT_CONVERSION = YES_AGGRESSIVE;
				CLANG_CXX_LANGUAGE_STANDARD = "gnu++17";
				CLANG_ENABLE_MODULES = YES;
				CLANG_ENABLE_OBJC_ARC = YES;
				CLANG_ENABLE_OBJC_WEAK = YES;
				CLANG_WARN_BLOCK_CAPTURE_AUTORELEASING = YES;
				CLANG_WARN_BOOL_CONVERSION = YES;
				CLANG_WARN_COMMA = YES;
				CLANG_WARN_CONSTANT_CONVERSION = YES;
				CLANG_WARN_DEPRECATED_OBJC_IMPLEMENTATIONS = YES;
				CLANG_WARN_DIRECT_OBJC_ISA_USAGE = YES_ERROR;
				CLANG_WARN_DOCUMENTATION_COMMENTS = YES;
				CLANG_WARN_EMPTY_BODY = YES;
				CLANG_WARN_ENUM_CONVERSION = YES;
				CLANG_WARN_INFINITE_RECURSION = YES;
				CLANG_WARN_INT_CONVERSION = YES;
				CLANG_WARN_NON_LITERAL_NULL_CONVERSION = YES;
				CLANG_WARN_OBJC_IMPLICIT_RETAIN_SELF = YES;
				CLANG_WARN_OBJC_LITERAL_CONVERSION = YES;
				CLANG_WARN_OBJC_ROOT_CLASS = YES_ERROR;
				CLANG_WARN_QUOTED_INCLUDE_IN_FRAMEWORK_HEADER = YES;
				CLANG_WARN_RANGE_LOOP_ANALYSIS = YES;
				CLANG_WARN_STRICT_PROTOTYPES = YES;
				CLANG_WARN_SUSPICIOUS_MOVE = YES;
				CLANG_WARN_UNGUARDED_AVAILABILITY = YES_AGGRESSIVE;
				CLANG_WARN_UNREACHABLE_CODE = YES;
				CLANG_WARN__DUPLICATE_METHOD_MATCH = YES;
				COPY_PHASE_STRIP = NO;
				CURRENT_PROJECT_VERSION = 1;
				DEBUG_INFORMATION_FORMAT = "dwarf-with-dsym";
				ENABLE_NS_ASSERTIONS = NO;
				ENABLE_STRICT_OBJC_MSGSEND = YES;
				GCC_C_LANGUAGE_STANDARD = gnu11;
				GCC_NO_COMMON_BLOCKS = YES;
				GCC_WARN_64_TO_32_BIT_CONVERSION = YES;
				GCC_WARN_ABOUT_RETURN_TYPE = YES_ERROR;
				GCC_WARN_UNDECLARED_SELECTOR = YES;
				GCC_WARN_UNINITIALIZED_AUTOS = YES_AGGRESSIVE;
				GCC_WARN_UNUSED_FUNCTION = YES;
				GCC_WARN_UNUSED_VARIABLE = YES;
				MACOSX_DEPLOYMENT_TARGET = 12.3;
				MTL_ENABLE_DEBUG_INFO = NO;
				MTL_FAST_MATH = YES;
				SDKROOT = macosx;
				SWIFT_COMPILATION_MODE = wholemodule;
				SWIFT_OPTIMIZATION_LEVEL = "-O";
				VERSIONING_SYSTEM = "apple-generic";
				VERSION_INFO_PREFIX = "";
			};
			name = Release;
		};
		E826D3C52841AEC7004062AB /* Debug */ = {
			isa = XCBuildConfiguration;
			buildSettings = {
				ALLOW_TARGET_PLATFORM_SPECIALIZATION = YES;
				CODE_SIGN_STYLE = Automatic;
				COMBINE_HIDPI_IMAGES = YES;
				CURRENT_PROJECT_VERSION = 1;
				DEFINES_MODULE = YES;
				DYLIB_COMPATIBILITY_VERSION = 1;
				DYLIB_CURRENT_VERSION = 1;
				DYLIB_INSTALL_NAME_BASE = "@rpath";
				GENERATE_INFOPLIST_FILE = YES;
				INFOPLIST_KEY_NSHumanReadableCopyright = "";
				INSTALL_PATH = "$(LOCAL_LIBRARY_DIR)/Frameworks";
				LD_RUNPATH_SEARCH_PATHS = (
					"$(inherited)",
					"@executable_path/../Frameworks",
					"@loader_path/Frameworks",
				);
				MARKETING_VERSION = 1.0;
				PRODUCT_BUNDLE_IDENTIFIER = mobidevtalk.APILayer;
				PRODUCT_NAME = "$(TARGET_NAME:c99extidentifier)";
				SKIP_INSTALL = YES;
				SUPPORTED_PLATFORMS = "watchsimulator watchos macosx iphonesimulator iphoneos driverkit appletvsimulator appletvos";
				SUPPORTS_MACCATALYST = YES;
				SWIFT_EMIT_LOC_STRINGS = YES;
				SWIFT_VERSION = 5.0;
			};
			name = Debug;
		};
		E826D3C62841AEC7004062AB /* Release */ = {
			isa = XCBuildConfiguration;
			buildSettings = {
				ALLOW_TARGET_PLATFORM_SPECIALIZATION = YES;
				CODE_SIGN_STYLE = Automatic;
				COMBINE_HIDPI_IMAGES = YES;
				CURRENT_PROJECT_VERSION = 1;
				DEFINES_MODULE = YES;
				DYLIB_COMPATIBILITY_VERSION = 1;
				DYLIB_CURRENT_VERSION = 1;
				DYLIB_INSTALL_NAME_BASE = "@rpath";
				GENERATE_INFOPLIST_FILE = YES;
				INFOPLIST_KEY_NSHumanReadableCopyright = "";
				INSTALL_PATH = "$(LOCAL_LIBRARY_DIR)/Frameworks";
				LD_RUNPATH_SEARCH_PATHS = (
					"$(inherited)",
					"@executable_path/../Frameworks",
					"@loader_path/Frameworks",
				);
				MARKETING_VERSION = 1.0;
				PRODUCT_BUNDLE_IDENTIFIER = mobidevtalk.APILayer;
				PRODUCT_NAME = "$(TARGET_NAME:c99extidentifier)";
				SKIP_INSTALL = YES;
				SUPPORTED_PLATFORMS = "watchsimulator watchos macosx iphonesimulator iphoneos driverkit appletvsimulator appletvos";
				SUPPORTS_MACCATALYST = YES;
				SWIFT_EMIT_LOC_STRINGS = YES;
				SWIFT_VERSION = 5.0;
			};
			name = Release;
		};
		E826D3C82841AEC7004062AB /* Debug */ = {
			isa = XCBuildConfiguration;
			buildSettings = {
				ALWAYS_EMBED_SWIFT_STANDARD_LIBRARIES = YES;
				CLANG_ENABLE_MODULES = YES;
				CODE_SIGN_STYLE = Automatic;
				CURRENT_PROJECT_VERSION = 1;
				GENERATE_INFOPLIST_FILE = YES;
				LD_RUNPATH_SEARCH_PATHS = (
					"$(inherited)",
					"@executable_path/../Frameworks",
					"@loader_path/../Frameworks",
				);
				MARKETING_VERSION = 1.0;
				PRODUCT_BUNDLE_IDENTIFIER = mobidevtalk.APILayerTests;
				PRODUCT_NAME = "$(TARGET_NAME)";
				SWIFT_EMIT_LOC_STRINGS = NO;
				SWIFT_OPTIMIZATION_LEVEL = "-Onone";
				SWIFT_VERSION = 5.0;
			};
			name = Debug;
		};
		E826D3C92841AEC7004062AB /* Release */ = {
			isa = XCBuildConfiguration;
			buildSettings = {
				ALWAYS_EMBED_SWIFT_STANDARD_LIBRARIES = YES;
				CLANG_ENABLE_MODULES = YES;
				CODE_SIGN_STYLE = Automatic;
				CURRENT_PROJECT_VERSION = 1;
				GENERATE_INFOPLIST_FILE = YES;
				LD_RUNPATH_SEARCH_PATHS = (
					"$(inherited)",
					"@executable_path/../Frameworks",
					"@loader_path/../Frameworks",
				);
				MARKETING_VERSION = 1.0;
				PRODUCT_BUNDLE_IDENTIFIER = mobidevtalk.APILayerTests;
				PRODUCT_NAME = "$(TARGET_NAME)";
				SWIFT_EMIT_LOC_STRINGS = NO;
				SWIFT_VERSION = 5.0;
			};
			name = Release;
		};
/* End XCBuildConfiguration section */

/* Begin XCConfigurationList section */
		E826D3AA2841AEC7004062AB /* Build configuration list for PBXProject "APILayer" */ = {
			isa = XCConfigurationList;
			buildConfigurations = (
				E826D3C22841AEC7004062AB /* Debug */,
				E826D3C32841AEC7004062AB /* Release */,
			);
			defaultConfigurationIsVisible = 0;
			defaultConfigurationName = Release;
		};
		E826D3C42841AEC7004062AB /* Build configuration list for PBXNativeTarget "APILayer" */ = {
			isa = XCConfigurationList;
			buildConfigurations = (
				E826D3C52841AEC7004062AB /* Debug */,
				E826D3C62841AEC7004062AB /* Release */,
			);
			defaultConfigurationIsVisible = 0;
			defaultConfigurationName = Release;
		};
		E826D3C72841AEC7004062AB /* Build configuration list for PBXNativeTarget "APILayerTests" */ = {
			isa = XCConfigurationList;
			buildConfigurations = (
				E826D3C82841AEC7004062AB /* Debug */,
				E826D3C92841AEC7004062AB /* Release */,
			);
			defaultConfigurationIsVisible = 0;
			defaultConfigurationName = Release;
		};
/* End XCConfigurationList section */
	};
	rootObject = E826D3A72841AEC7004062AB /* Project object */;
}
