// !$*UTF8*$!
{
	archiveVersion = 1;
	classes = {
	};
	objectVersion = 55;
	objects = {

/* Begin PBXBuildFile section */
		E8089F6E2848820100E1C458 /* HomeViewControllerTests+IndicatorVisibility.swift in Sources */ = {isa = PBXBuildFile; fileRef = E8089F6D2848820100E1C458 /* HomeViewControllerTests+IndicatorVisibility.swift */; };
		E8089F74284894E300E1C458 /* HomeViewControllerTests+CellRendering.swift in Sources */ = {isa = PBXBuildFile; fileRef = E8089F73284894E300E1C458 /* HomeViewControllerTests+CellRendering.swift */; };
		E8089F77284919EB00E1C458 /* WalletCell.swift in Sources */ = {isa = PBXBuildFile; fileRef = E8089F76284919EB00E1C458 /* WalletCell.swift */; };
		E8089F79284929D300E1C458 /* HomeViewController+Loading.swift in Sources */ = {isa = PBXBuildFile; fileRef = E8089F78284929D300E1C458 /* HomeViewController+Loading.swift */; };
		E8089F7B284936DC00E1C458 /* UITableView+DequeCell.swift in Sources */ = {isa = PBXBuildFile; fileRef = E8089F7A284936DC00E1C458 /* UITableView+DequeCell.swift */; };
		E8758262284625AF00A19874 /* CryptoLoader.framework in Frameworks */ = {isa = PBXBuildFile; fileRef = E8758261284625AF00A19874 /* CryptoLoader.framework */; };
		E8758263284625AF00A19874 /* CryptoLoader.framework in Embed Frameworks */ = {isa = PBXBuildFile; fileRef = E8758261284625AF00A19874 /* CryptoLoader.framework */; settings = {ATTRIBUTES = (CodeSignOnCopy, RemoveHeadersOnCopy, ); }; };
		E8758266284627B900A19874 /* APILayer.framework in Frameworks */ = {isa = PBXBuildFile; fileRef = E8758265284627B900A19874 /* APILayer.framework */; };
		E8758267284627B900A19874 /* APILayer.framework in Embed Frameworks */ = {isa = PBXBuildFile; fileRef = E8758265284627B900A19874 /* APILayer.framework */; settings = {ATTRIBUTES = (CodeSignOnCopy, RemoveHeadersOnCopy, ); }; };
		E875826A2847667900A19874 /* HomeViewControllerDelegateSpy.swift in Sources */ = {isa = PBXBuildFile; fileRef = E87582692847667900A19874 /* HomeViewControllerDelegateSpy.swift */; };
		E875826C284766A200A19874 /* ClientSpy.swift in Sources */ = {isa = PBXBuildFile; fileRef = E875826B284766A200A19874 /* ClientSpy.swift */; };
		E875826E284766DA00A19874 /* XCTestCase+Helper.swift in Sources */ = {isa = PBXBuildFile; fileRef = E875826D284766DA00A19874 /* XCTestCase+Helper.swift */; };
		E87582702847677C00A19874 /* HomeViewController+TestHelper.swift in Sources */ = {isa = PBXBuildFile; fileRef = E875826F2847677C00A19874 /* HomeViewController+TestHelper.swift */; };
		E875827228482A1800A19874 /* Wallets+Encoding.swift in Sources */ = {isa = PBXBuildFile; fileRef = E875827128482A1800A19874 /* Wallets+Encoding.swift */; };
		E875827428482A4C00A19874 /* Histories+Encoding.swift in Sources */ = {isa = PBXBuildFile; fileRef = E875827328482A4C00A19874 /* Histories+Encoding.swift */; };
		E8A28E9A28440D4B003F4055 /* Home.storyboard in Resources */ = {isa = PBXBuildFile; fileRef = E8A28E9928440D4B003F4055 /* Home.storyboard */; };
		E8A28E9C28440D64003F4055 /* HomeViewController.swift in Sources */ = {isa = PBXBuildFile; fileRef = E8A28E9B28440D64003F4055 /* HomeViewController.swift */; };
		E8D7CEAE2843A019005FA33F /* iOS.docc in Sources */ = {isa = PBXBuildFile; fileRef = E8D7CEAD2843A019005FA33F /* iOS.docc */; };
		E8D7CEB42843A019005FA33F /* iOS.framework in Frameworks */ = {isa = PBXBuildFile; fileRef = E8D7CEA92843A019005FA33F /* iOS.framework */; };
		E8D7CEC428440774005FA33F /* HomeViewControllerTests.swift in Sources */ = {isa = PBXBuildFile; fileRef = E8D7CEC328440774005FA33F /* HomeViewControllerTests.swift */; };
		E8F68B01284A5470008438CB /* HomeViewDataSource.swift in Sources */ = {isa = PBXBuildFile; fileRef = E8F68B00284A5470008438CB /* HomeViewDataSource.swift */; };
		E8F68B04284A54CE008438CB /* HomeViewSection.swift in Sources */ = {isa = PBXBuildFile; fileRef = E8F68B03284A54CE008438CB /* HomeViewSection.swift */; };
		E8F68B06284A54EA008438CB /* WalletViewModel.swift in Sources */ = {isa = PBXBuildFile; fileRef = E8F68B05284A54EA008438CB /* WalletViewModel.swift */; };
		E8F68B08284A551D008438CB /* TransactionViewModel.swift in Sources */ = {isa = PBXBuildFile; fileRef = E8F68B07284A551D008438CB /* TransactionViewModel.swift */; };
/* End PBXBuildFile section */

/* Begin PBXContainerItemProxy section */
		E8D7CEB52843A019005FA33F /* PBXContainerItemProxy */ = {
			isa = PBXContainerItemProxy;
			containerPortal = E8D7CEA02843A019005FA33F /* Project object */;
			proxyType = 1;
			remoteGlobalIDString = E8D7CEA82843A019005FA33F;
			remoteInfo = iOS;
		};
/* End PBXContainerItemProxy section */

/* Begin PBXCopyFilesBuildPhase section */
		E8758264284625AF00A19874 /* Embed Frameworks */ = {
			isa = PBXCopyFilesBuildPhase;
			buildActionMask = 2147483647;
			dstPath = "";
			dstSubfolderSpec = 10;
			files = (
				E8758263284625AF00A19874 /* CryptoLoader.framework in Embed Frameworks */,
				E8758267284627B900A19874 /* APILayer.framework in Embed Frameworks */,
			);
			name = "Embed Frameworks";
			runOnlyForDeploymentPostprocessing = 0;
		};
/* End PBXCopyFilesBuildPhase section */

/* Begin PBXFileReference section */
		E8089F6D2848820100E1C458 /* HomeViewControllerTests+IndicatorVisibility.swift */ = {isa = PBXFileReference; lastKnownFileType = sourcecode.swift; path = "HomeViewControllerTests+IndicatorVisibility.swift"; sourceTree = "<group>"; };
		E8089F73284894E300E1C458 /* HomeViewControllerTests+CellRendering.swift */ = {isa = PBXFileReference; lastKnownFileType = sourcecode.swift; path = "HomeViewControllerTests+CellRendering.swift"; sourceTree = "<group>"; };
		E8089F76284919EB00E1C458 /* WalletCell.swift */ = {isa = PBXFileReference; lastKnownFileType = sourcecode.swift; path = WalletCell.swift; sourceTree = "<group>"; };
		E8089F78284929D300E1C458 /* HomeViewController+Loading.swift */ = {isa = PBXFileReference; lastKnownFileType = sourcecode.swift; path = "HomeViewController+Loading.swift"; sourceTree = "<group>"; };
		E8089F7A284936DC00E1C458 /* UITableView+DequeCell.swift */ = {isa = PBXFileReference; lastKnownFileType = sourcecode.swift; path = "UITableView+DequeCell.swift"; sourceTree = "<group>"; };
		E8758261284625AF00A19874 /* CryptoLoader.framework */ = {isa = PBXFileReference; explicitFileType = wrapper.framework; path = CryptoLoader.framework; sourceTree = BUILT_PRODUCTS_DIR; };
		E8758265284627B900A19874 /* APILayer.framework */ = {isa = PBXFileReference; explicitFileType = wrapper.framework; path = APILayer.framework; sourceTree = BUILT_PRODUCTS_DIR; };
		E87582692847667900A19874 /* HomeViewControllerDelegateSpy.swift */ = {isa = PBXFileReference; lastKnownFileType = sourcecode.swift; path = HomeViewControllerDelegateSpy.swift; sourceTree = "<group>"; };
		E875826B284766A200A19874 /* ClientSpy.swift */ = {isa = PBXFileReference; lastKnownFileType = sourcecode.swift; path = ClientSpy.swift; sourceTree = "<group>"; };
		E875826D284766DA00A19874 /* XCTestCase+Helper.swift */ = {isa = PBXFileReference; lastKnownFileType = sourcecode.swift; path = "XCTestCase+Helper.swift"; sourceTree = "<group>"; };
		E875826F2847677C00A19874 /* HomeViewController+TestHelper.swift */ = {isa = PBXFileReference; lastKnownFileType = sourcecode.swift; path = "HomeViewController+TestHelper.swift"; sourceTree = "<group>"; };
		E875827128482A1800A19874 /* Wallets+Encoding.swift */ = {isa = PBXFileReference; lastKnownFileType = sourcecode.swift; path = "Wallets+Encoding.swift"; sourceTree = "<group>"; };
		E875827328482A4C00A19874 /* Histories+Encoding.swift */ = {isa = PBXFileReference; lastKnownFileType = sourcecode.swift; path = "Histories+Encoding.swift"; sourceTree = "<group>"; };
		E8A28E9928440D4B003F4055 /* Home.storyboard */ = {isa = PBXFileReference; lastKnownFileType = file.storyboard; path = Home.storyboard; sourceTree = "<group>"; };
		E8A28E9B28440D64003F4055 /* HomeViewController.swift */ = {isa = PBXFileReference; lastKnownFileType = sourcecode.swift; path = HomeViewController.swift; sourceTree = "<group>"; };
		E8D7CEA92843A019005FA33F /* iOS.framework */ = {isa = PBXFileReference; explicitFileType = wrapper.framework; includeInIndex = 0; path = iOS.framework; sourceTree = BUILT_PRODUCTS_DIR; };
		E8D7CEAD2843A019005FA33F /* iOS.docc */ = {isa = PBXFileReference; lastKnownFileType = folder.documentationcatalog; path = iOS.docc; sourceTree = "<group>"; };
		E8D7CEB32843A019005FA33F /* iOSTests.xctest */ = {isa = PBXFileReference; explicitFileType = wrapper.cfbundle; includeInIndex = 0; path = iOSTests.xctest; sourceTree = BUILT_PRODUCTS_DIR; };
		E8D7CEC328440774005FA33F /* HomeViewControllerTests.swift */ = {isa = PBXFileReference; lastKnownFileType = sourcecode.swift; path = HomeViewControllerTests.swift; sourceTree = "<group>"; };
		E8F68B00284A5470008438CB /* HomeViewDataSource.swift */ = {isa = PBXFileReference; lastKnownFileType = sourcecode.swift; path = HomeViewDataSource.swift; sourceTree = "<group>"; };
		E8F68B03284A54CE008438CB /* HomeViewSection.swift */ = {isa = PBXFileReference; lastKnownFileType = sourcecode.swift; path = HomeViewSection.swift; sourceTree = "<group>"; };
		E8F68B05284A54EA008438CB /* WalletViewModel.swift */ = {isa = PBXFileReference; lastKnownFileType = sourcecode.swift; path = WalletViewModel.swift; sourceTree = "<group>"; };
		E8F68B07284A551D008438CB /* TransactionViewModel.swift */ = {isa = PBXFileReference; lastKnownFileType = sourcecode.swift; path = TransactionViewModel.swift; sourceTree = "<group>"; };
/* End PBXFileReference section */

/* Begin PBXFrameworksBuildPhase section */
		E8D7CEA62843A019005FA33F /* Frameworks */ = {
			isa = PBXFrameworksBuildPhase;
			buildActionMask = 2147483647;
			files = (
				E8758262284625AF00A19874 /* CryptoLoader.framework in Frameworks */,
				E8758266284627B900A19874 /* APILayer.framework in Frameworks */,
			);
			runOnlyForDeploymentPostprocessing = 0;
		};
		E8D7CEB02843A019005FA33F /* Frameworks */ = {
			isa = PBXFrameworksBuildPhase;
			buildActionMask = 2147483647;
			files = (
				E8D7CEB42843A019005FA33F /* iOS.framework in Frameworks */,
			);
			runOnlyForDeploymentPostprocessing = 0;
		};
/* End PBXFrameworksBuildPhase section */

/* Begin PBXGroup section */
		E8089F6C284881D500E1C458 /* HomeViewControllerTests */ = {
			isa = PBXGroup;
			children = (
				E8D7CEC328440774005FA33F /* HomeViewControllerTests.swift */,
				E8089F6D2848820100E1C458 /* HomeViewControllerTests+IndicatorVisibility.swift */,
				E8089F73284894E300E1C458 /* HomeViewControllerTests+CellRendering.swift */,
			);
			path = HomeViewControllerTests;
			sourceTree = "<group>";
		};
		E8089F75284919B200E1C458 /* Cell */ = {
			isa = PBXGroup;
			children = (
				E8089F76284919EB00E1C458 /* WalletCell.swift */,
			);
			path = Cell;
			sourceTree = "<group>";
		};
		E8758260284625AF00A19874 /* Frameworks */ = {
			isa = PBXGroup;
			children = (
				E8758265284627B900A19874 /* APILayer.framework */,
				E8758261284625AF00A19874 /* CryptoLoader.framework */,
			);
			name = Frameworks;
			sourceTree = "<group>";
		};
		E87582682847666B00A19874 /* Helper */ = {
			isa = PBXGroup;
			children = (
				E87582692847667900A19874 /* HomeViewControllerDelegateSpy.swift */,
				E875826B284766A200A19874 /* ClientSpy.swift */,
				E875826D284766DA00A19874 /* XCTestCase+Helper.swift */,
				E875826F2847677C00A19874 /* HomeViewController+TestHelper.swift */,
				E875827128482A1800A19874 /* Wallets+Encoding.swift */,
				E875827328482A4C00A19874 /* Histories+Encoding.swift */,
			);
			path = Helper;
			sourceTree = "<group>";
		};
		E8A28E9628440CE1003F4055 /* Home */ = {
			isa = PBXGroup;
			children = (
				E8F68B02284A54BF008438CB /* Model */,
				E8F68AFF284A545E008438CB /* UITableViewHelper */,
				E8089F75284919B200E1C458 /* Cell */,
				E8A28E9928440D4B003F4055 /* Home.storyboard */,
				E8A28E9B28440D64003F4055 /* HomeViewController.swift */,
				E8089F78284929D300E1C458 /* HomeViewController+Loading.swift */,
			);
			path = Home;
			sourceTree = "<group>";
		};
		E8D7CE9F2843A019005FA33F = {
			isa = PBXGroup;
			children = (
				E8D7CEAB2843A019005FA33F /* iOS */,
				E8D7CEB72843A019005FA33F /* iOSTests */,
				E8D7CEAA2843A019005FA33F /* Products */,
				E8758260284625AF00A19874 /* Frameworks */,
			);
			sourceTree = "<group>";
		};
		E8D7CEAA2843A019005FA33F /* Products */ = {
			isa = PBXGroup;
			children = (
				E8D7CEA92843A019005FA33F /* iOS.framework */,
				E8D7CEB32843A019005FA33F /* iOSTests.xctest */,
			);
			name = Products;
			sourceTree = "<group>";
		};
		E8D7CEAB2843A019005FA33F /* iOS */ = {
			isa = PBXGroup;
			children = (
				E8A28E9628440CE1003F4055 /* Home */,
				E8D7CEAD2843A019005FA33F /* iOS.docc */,
			);
			path = iOS;
			sourceTree = "<group>";
		};
		E8D7CEB72843A019005FA33F /* iOSTests */ = {
			isa = PBXGroup;
			children = (
				E8089F6C284881D500E1C458 /* HomeViewControllerTests */,
				E87582682847666B00A19874 /* Helper */,
			);
			path = iOSTests;
			sourceTree = "<group>";
		};
		E8F68AFF284A545E008438CB /* UITableViewHelper */ = {
			isa = PBXGroup;
			children = (
				E8089F7A284936DC00E1C458 /* UITableView+DequeCell.swift */,
				E8F68B00284A5470008438CB /* HomeViewDataSource.swift */,
			);
			path = UITableViewHelper;
			sourceTree = "<group>";
		};
		E8F68B02284A54BF008438CB /* Model */ = {
			isa = PBXGroup;
			children = (
				E8F68B03284A54CE008438CB /* HomeViewSection.swift */,
				E8F68B05284A54EA008438CB /* WalletViewModel.swift */,
				E8F68B07284A551D008438CB /* TransactionViewModel.swift */,
			);
			path = Model;
			sourceTree = "<group>";
		};
/* End PBXGroup section */

/* Begin PBXHeadersBuildPhase section */
		E8D7CEA42843A019005FA33F /* Headers */ = {
			isa = PBXHeadersBuildPhase;
			buildActionMask = 2147483647;
			files = (
			);
			runOnlyForDeploymentPostprocessing = 0;
		};
/* End PBXHeadersBuildPhase section */

/* Begin PBXNativeTarget section */
		E8D7CEA82843A019005FA33F /* iOS */ = {
			isa = PBXNativeTarget;
			buildConfigurationList = E8D7CEBD2843A019005FA33F /* Build configuration list for PBXNativeTarget "iOS" */;
			buildPhases = (
				E8D7CEA42843A019005FA33F /* Headers */,
				E8D7CEA52843A019005FA33F /* Sources */,
				E8D7CEA62843A019005FA33F /* Frameworks */,
				E8D7CEA72843A019005FA33F /* Resources */,
				E8758264284625AF00A19874 /* Embed Frameworks */,
			);
			buildRules = (
			);
			dependencies = (
			);
			name = iOS;
			productName = iOS;
			productReference = E8D7CEA92843A019005FA33F /* iOS.framework */;
			productType = "com.apple.product-type.framework";
		};
		E8D7CEB22843A019005FA33F /* iOSTests */ = {
			isa = PBXNativeTarget;
			buildConfigurationList = E8D7CEC02843A019005FA33F /* Build configuration list for PBXNativeTarget "iOSTests" */;
			buildPhases = (
				E8D7CEAF2843A019005FA33F /* Sources */,
				E8D7CEB02843A019005FA33F /* Frameworks */,
				E8D7CEB12843A019005FA33F /* Resources */,
			);
			buildRules = (
			);
			dependencies = (
				E8D7CEB62843A019005FA33F /* PBXTargetDependency */,
			);
			name = iOSTests;
			productName = iOSTests;
			productReference = E8D7CEB32843A019005FA33F /* iOSTests.xctest */;
			productType = "com.apple.product-type.bundle.unit-test";
		};
/* End PBXNativeTarget section */

/* Begin PBXProject section */
		E8D7CEA02843A019005FA33F /* Project object */ = {
			isa = PBXProject;
			attributes = {
				BuildIndependentTargetsInParallel = 1;
				LastSwiftUpdateCheck = 1340;
				LastUpgradeCheck = 1340;
				TargetAttributes = {
					E8D7CEA82843A019005FA33F = {
						CreatedOnToolsVersion = 13.4;
					};
					E8D7CEB22843A019005FA33F = {
						CreatedOnToolsVersion = 13.4;
						LastSwiftMigration = 1340;
					};
				};
			};
			buildConfigurationList = E8D7CEA32843A019005FA33F /* Build configuration list for PBXProject "iOS" */;
			compatibilityVersion = "Xcode 13.0";
			developmentRegion = en;
			hasScannedForEncodings = 0;
			knownRegions = (
				en,
				Base,
			);
			mainGroup = E8D7CE9F2843A019005FA33F;
			productRefGroup = E8D7CEAA2843A019005FA33F /* Products */;
			projectDirPath = "";
			projectRoot = "";
			targets = (
				E8D7CEA82843A019005FA33F /* iOS */,
				E8D7CEB22843A019005FA33F /* iOSTests */,
			);
		};
/* End PBXProject section */

/* Begin PBXResourcesBuildPhase section */
		E8D7CEA72843A019005FA33F /* Resources */ = {
			isa = PBXResourcesBuildPhase;
			buildActionMask = 2147483647;
			files = (
				E8A28E9A28440D4B003F4055 /* Home.storyboard in Resources */,
			);
			runOnlyForDeploymentPostprocessing = 0;
		};
		E8D7CEB12843A019005FA33F /* Resources */ = {
			isa = PBXResourcesBuildPhase;
			buildActionMask = 2147483647;
			files = (
			);
			runOnlyForDeploymentPostprocessing = 0;
		};
/* End PBXResourcesBuildPhase section */

/* Begin PBXSourcesBuildPhase section */
		E8D7CEA52843A019005FA33F /* Sources */ = {
			isa = PBXSourcesBuildPhase;
			buildActionMask = 2147483647;
			files = (
				E8089F7B284936DC00E1C458 /* UITableView+DequeCell.swift in Sources */,
				E8F68B04284A54CE008438CB /* HomeViewSection.swift in Sources */,
				E8089F79284929D300E1C458 /* HomeViewController+Loading.swift in Sources */,
				E8089F77284919EB00E1C458 /* WalletCell.swift in Sources */,
				E8D7CEAE2843A019005FA33F /* iOS.docc in Sources */,
				E8F68B06284A54EA008438CB /* WalletViewModel.swift in Sources */,
				E8F68B01284A5470008438CB /* HomeViewDataSource.swift in Sources */,
				E8A28E9C28440D64003F4055 /* HomeViewController.swift in Sources */,
				E8F68B08284A551D008438CB /* TransactionViewModel.swift in Sources */,
			);
			runOnlyForDeploymentPostprocessing = 0;
		};
		E8D7CEAF2843A019005FA33F /* Sources */ = {
			isa = PBXSourcesBuildPhase;
			buildActionMask = 2147483647;
			files = (
				E87582702847677C00A19874 /* HomeViewController+TestHelper.swift in Sources */,
				E875827228482A1800A19874 /* Wallets+Encoding.swift in Sources */,
				E8089F74284894E300E1C458 /* HomeViewControllerTests+CellRendering.swift in Sources */,
				E8D7CEC428440774005FA33F /* HomeViewControllerTests.swift in Sources */,
				E875826C284766A200A19874 /* ClientSpy.swift in Sources */,
				E875826A2847667900A19874 /* HomeViewControllerDelegateSpy.swift in Sources */,
				E875826E284766DA00A19874 /* XCTestCase+Helper.swift in Sources */,
				E875827428482A4C00A19874 /* Histories+Encoding.swift in Sources */,
				E8089F6E2848820100E1C458 /* HomeViewControllerTests+IndicatorVisibility.swift in Sources */,
			);
			runOnlyForDeploymentPostprocessing = 0;
		};
/* End PBXSourcesBuildPhase section */

/* Begin PBXTargetDependency section */
		E8D7CEB62843A019005FA33F /* PBXTargetDependency */ = {
			isa = PBXTargetDependency;
			target = E8D7CEA82843A019005FA33F /* iOS */;
			targetProxy = E8D7CEB52843A019005FA33F /* PBXContainerItemProxy */;
		};
/* End PBXTargetDependency section */

/* Begin XCBuildConfiguration section */
		E8D7CEBB2843A019005FA33F /* Debug */ = {
			isa = XCBuildConfiguration;
			buildSettings = {
				ALWAYS_SEARCH_USER_PATHS = NO;
				CLANG_ANALYZER_NONNULL = YES;
				CLANG_ANALYZER_NUMBER_OBJECT_CONVERSION = YES_AGGRESSIVE;
				CLANG_CXX_LANGUAGE_STANDARD = "gnu++17";
				CLANG_ENABLE_MODULES = YES;
				CLANG_ENABLE_OBJC_ARC = YES;
				CLANG_ENABLE_OBJC_WEAK = YES;
				CLANG_WARN_BLOCK_CAPTURE_AUTORELEASING = YES;
				CLANG_WARN_BOOL_CONVERSION = YES;
				CLANG_WARN_COMMA = YES;
				CLANG_WARN_CONSTANT_CONVERSION = YES;
				CLANG_WARN_DEPRECATED_OBJC_IMPLEMENTATIONS = YES;
				CLANG_WARN_DIRECT_OBJC_ISA_USAGE = YES_ERROR;
				CLANG_WARN_DOCUMENTATION_COMMENTS = YES;
				CLANG_WARN_EMPTY_BODY = YES;
				CLANG_WARN_ENUM_CONVERSION = YES;
				CLANG_WARN_INFINITE_RECURSION = YES;
				CLANG_WARN_INT_CONVERSION = YES;
				CLANG_WARN_NON_LITERAL_NULL_CONVERSION = YES;
				CLANG_WARN_OBJC_IMPLICIT_RETAIN_SELF = YES;
				CLANG_WARN_OBJC_LITERAL_CONVERSION = YES;
				CLANG_WARN_OBJC_ROOT_CLASS = YES_ERROR;
				CLANG_WARN_QUOTED_INCLUDE_IN_FRAMEWORK_HEADER = YES;
				CLANG_WARN_RANGE_LOOP_ANALYSIS = YES;
				CLANG_WARN_STRICT_PROTOTYPES = YES;
				CLANG_WARN_SUSPICIOUS_MOVE = YES;
				CLANG_WARN_UNGUARDED_AVAILABILITY = YES_AGGRESSIVE;
				CLANG_WARN_UNREACHABLE_CODE = YES;
				CLANG_WARN__DUPLICATE_METHOD_MATCH = YES;
				COPY_PHASE_STRIP = NO;
				CURRENT_PROJECT_VERSION = 1;
				DEBUG_INFORMATION_FORMAT = dwarf;
				ENABLE_STRICT_OBJC_MSGSEND = YES;
				ENABLE_TESTABILITY = YES;
				GCC_C_LANGUAGE_STANDARD = gnu11;
				GCC_DYNAMIC_NO_PIC = NO;
				GCC_NO_COMMON_BLOCKS = YES;
				GCC_OPTIMIZATION_LEVEL = 0;
				GCC_PREPROCESSOR_DEFINITIONS = (
					"DEBUG=1",
					"$(inherited)",
				);
				GCC_WARN_64_TO_32_BIT_CONVERSION = YES;
				GCC_WARN_ABOUT_RETURN_TYPE = YES_ERROR;
				GCC_WARN_UNDECLARED_SELECTOR = YES;
				GCC_WARN_UNINITIALIZED_AUTOS = YES_AGGRESSIVE;
				GCC_WARN_UNUSED_FUNCTION = YES;
				GCC_WARN_UNUSED_VARIABLE = YES;
				IPHONEOS_DEPLOYMENT_TARGET = 15.5;
				MTL_ENABLE_DEBUG_INFO = INCLUDE_SOURCE;
				MTL_FAST_MATH = YES;
				ONLY_ACTIVE_ARCH = YES;
				SDKROOT = iphoneos;
				SWIFT_ACTIVE_COMPILATION_CONDITIONS = DEBUG;
				SWIFT_OPTIMIZATION_LEVEL = "-Onone";
				VERSIONING_SYSTEM = "apple-generic";
				VERSION_INFO_PREFIX = "";
			};
			name = Debug;
		};
		E8D7CEBC2843A019005FA33F /* Release */ = {
			isa = XCBuildConfiguration;
			buildSettings = {
				ALWAYS_SEARCH_USER_PATHS = NO;
				CLANG_ANALYZER_NONNULL = YES;
				CLANG_ANALYZER_NUMBER_OBJECT_CONVERSION = YES_AGGRESSIVE;
				CLANG_CXX_LANGUAGE_STANDARD = "gnu++17";
				CLANG_ENABLE_MODULES = YES;
				CLANG_ENABLE_OBJC_ARC = YES;
				CLANG_ENABLE_OBJC_WEAK = YES;
				CLANG_WARN_BLOCK_CAPTURE_AUTORELEASING = YES;
				CLANG_WARN_BOOL_CONVERSION = YES;
				CLANG_WARN_COMMA = YES;
				CLANG_WARN_CONSTANT_CONVERSION = YES;
				CLANG_WARN_DEPRECATED_OBJC_IMPLEMENTATIONS = YES;
				CLANG_WARN_DIRECT_OBJC_ISA_USAGE = YES_ERROR;
				CLANG_WARN_DOCUMENTATION_COMMENTS = YES;
				CLANG_WARN_EMPTY_BODY = YES;
				CLANG_WARN_ENUM_CONVERSION = YES;
				CLANG_WARN_INFINITE_RECURSION = YES;
				CLANG_WARN_INT_CONVERSION = YES;
				CLANG_WARN_NON_LITERAL_NULL_CONVERSION = YES;
				CLANG_WARN_OBJC_IMPLICIT_RETAIN_SELF = YES;
				CLANG_WARN_OBJC_LITERAL_CONVERSION = YES;
				CLANG_WARN_OBJC_ROOT_CLASS = YES_ERROR;
				CLANG_WARN_QUOTED_INCLUDE_IN_FRAMEWORK_HEADER = YES;
				CLANG_WARN_RANGE_LOOP_ANALYSIS = YES;
				CLANG_WARN_STRICT_PROTOTYPES = YES;
				CLANG_WARN_SUSPICIOUS_MOVE = YES;
				CLANG_WARN_UNGUARDED_AVAILABILITY = YES_AGGRESSIVE;
				CLANG_WARN_UNREACHABLE_CODE = YES;
				CLANG_WARN__DUPLICATE_METHOD_MATCH = YES;
				COPY_PHASE_STRIP = NO;
				CURRENT_PROJECT_VERSION = 1;
				DEBUG_INFORMATION_FORMAT = "dwarf-with-dsym";
				ENABLE_NS_ASSERTIONS = NO;
				ENABLE_STRICT_OBJC_MSGSEND = YES;
				GCC_C_LANGUAGE_STANDARD = gnu11;
				GCC_NO_COMMON_BLOCKS = YES;
				GCC_WARN_64_TO_32_BIT_CONVERSION = YES;
				GCC_WARN_ABOUT_RETURN_TYPE = YES_ERROR;
				GCC_WARN_UNDECLARED_SELECTOR = YES;
				GCC_WARN_UNINITIALIZED_AUTOS = YES_AGGRESSIVE;
				GCC_WARN_UNUSED_FUNCTION = YES;
				GCC_WARN_UNUSED_VARIABLE = YES;
				IPHONEOS_DEPLOYMENT_TARGET = 15.5;
				MTL_ENABLE_DEBUG_INFO = NO;
				MTL_FAST_MATH = YES;
				SDKROOT = iphoneos;
				SWIFT_COMPILATION_MODE = wholemodule;
				SWIFT_OPTIMIZATION_LEVEL = "-O";
				VALIDATE_PRODUCT = YES;
				VERSIONING_SYSTEM = "apple-generic";
				VERSION_INFO_PREFIX = "";
			};
			name = Release;
		};
		E8D7CEBE2843A019005FA33F /* Debug */ = {
			isa = XCBuildConfiguration;
			buildSettings = {
				CODE_SIGN_STYLE = Manual;
				CURRENT_PROJECT_VERSION = 1;
				DEFINES_MODULE = YES;
				DEVELOPMENT_TEAM = "";
				DYLIB_COMPATIBILITY_VERSION = 1;
				DYLIB_CURRENT_VERSION = 1;
				DYLIB_INSTALL_NAME_BASE = "@rpath";
				GENERATE_INFOPLIST_FILE = YES;
				INFOPLIST_KEY_NSHumanReadableCopyright = "";
				INSTALL_PATH = "$(LOCAL_LIBRARY_DIR)/Frameworks";
				LD_RUNPATH_SEARCH_PATHS = (
					"$(inherited)",
					"@executable_path/Frameworks",
					"@loader_path/Frameworks",
				);
				MARKETING_VERSION = 1.0;
				PRODUCT_BUNDLE_IDENTIFIER = mobidevtalk.iOS;
				PRODUCT_NAME = "$(TARGET_NAME:c99extidentifier)";
				PROVISIONING_PROFILE_SPECIFIER = "";
				"PROVISIONING_PROFILE_SPECIFIER[sdk=macosx*]" = "";
				SKIP_INSTALL = YES;
				SUPPORTS_MACCATALYST = NO;
				SWIFT_EMIT_LOC_STRINGS = YES;
				SWIFT_VERSION = 5.0;
				TARGETED_DEVICE_FAMILY = "1,2";
			};
			name = Debug;
		};
		E8D7CEBF2843A019005FA33F /* Release */ = {
			isa = XCBuildConfiguration;
			buildSettings = {
				CODE_SIGN_STYLE = Manual;
				CURRENT_PROJECT_VERSION = 1;
				DEFINES_MODULE = YES;
				DEVELOPMENT_TEAM = "";
				DYLIB_COMPATIBILITY_VERSION = 1;
				DYLIB_CURRENT_VERSION = 1;
				DYLIB_INSTALL_NAME_BASE = "@rpath";
				GENERATE_INFOPLIST_FILE = YES;
				INFOPLIST_KEY_NSHumanReadableCopyright = "";
				INSTALL_PATH = "$(LOCAL_LIBRARY_DIR)/Frameworks";
				LD_RUNPATH_SEARCH_PATHS = (
					"$(inherited)",
					"@executable_path/Frameworks",
					"@loader_path/Frameworks",
				);
				MARKETING_VERSION = 1.0;
				PRODUCT_BUNDLE_IDENTIFIER = mobidevtalk.iOS;
				PRODUCT_NAME = "$(TARGET_NAME:c99extidentifier)";
				PROVISIONING_PROFILE_SPECIFIER = "";
				"PROVISIONING_PROFILE_SPECIFIER[sdk=macosx*]" = "";
				SKIP_INSTALL = YES;
				SUPPORTS_MACCATALYST = NO;
				SWIFT_EMIT_LOC_STRINGS = YES;
				SWIFT_VERSION = 5.0;
				TARGETED_DEVICE_FAMILY = "1,2";
			};
			name = Release;
		};
		E8D7CEC12843A019005FA33F /* Debug */ = {
			isa = XCBuildConfiguration;
			buildSettings = {
				ALWAYS_EMBED_SWIFT_STANDARD_LIBRARIES = YES;
				CLANG_ENABLE_MODULES = YES;
				"CODE_SIGN_IDENTITY[sdk=macosx*]" = "-";
				CODE_SIGN_STYLE = Manual;
				CURRENT_PROJECT_VERSION = 1;
				DEVELOPMENT_TEAM = "";
				GENERATE_INFOPLIST_FILE = YES;
				LD_RUNPATH_SEARCH_PATHS = (
					"$(inherited)",
					"@executable_path/Frameworks",
					"@loader_path/Frameworks",
				);
				MARKETING_VERSION = 1.0;
				PRODUCT_BUNDLE_IDENTIFIER = mobidevtalk.iOSTests;
				PRODUCT_NAME = "$(TARGET_NAME)";
				PROVISIONING_PROFILE_SPECIFIER = "";
				"PROVISIONING_PROFILE_SPECIFIER[sdk=macosx*]" = "";
				SWIFT_EMIT_LOC_STRINGS = NO;
				SWIFT_OPTIMIZATION_LEVEL = "-Onone";
				SWIFT_VERSION = 5.0;
				TARGETED_DEVICE_FAMILY = "1,2";
			};
			name = Debug;
		};
		E8D7CEC22843A019005FA33F /* Release */ = {
			isa = XCBuildConfiguration;
			buildSettings = {
				ALWAYS_EMBED_SWIFT_STANDARD_LIBRARIES = YES;
				CLANG_ENABLE_MODULES = YES;
				"CODE_SIGN_IDENTITY[sdk=macosx*]" = "-";
				CODE_SIGN_STYLE = Manual;
				CURRENT_PROJECT_VERSION = 1;
				DEVELOPMENT_TEAM = "";
				GENERATE_INFOPLIST_FILE = YES;
				LD_RUNPATH_SEARCH_PATHS = (
					"$(inherited)",
					"@executable_path/Frameworks",
					"@loader_path/Frameworks",
				);
				MARKETING_VERSION = 1.0;
				PRODUCT_BUNDLE_IDENTIFIER = mobidevtalk.iOSTests;
				PRODUCT_NAME = "$(TARGET_NAME)";
				PROVISIONING_PROFILE_SPECIFIER = "";
				"PROVISIONING_PROFILE_SPECIFIER[sdk=macosx*]" = "";
				SWIFT_EMIT_LOC_STRINGS = NO;
				SWIFT_VERSION = 5.0;
				TARGETED_DEVICE_FAMILY = "1,2";
			};
			name = Release;
		};
/* End XCBuildConfiguration section */

/* Begin XCConfigurationList section */
		E8D7CEA32843A019005FA33F /* Build configuration list for PBXProject "iOS" */ = {
			isa = XCConfigurationList;
			buildConfigurations = (
				E8D7CEBB2843A019005FA33F /* Debug */,
				E8D7CEBC2843A019005FA33F /* Release */,
			);
			defaultConfigurationIsVisible = 0;
			defaultConfigurationName = Release;
		};
		E8D7CEBD2843A019005FA33F /* Build configuration list for PBXNativeTarget "iOS" */ = {
			isa = XCConfigurationList;
			buildConfigurations = (
				E8D7CEBE2843A019005FA33F /* Debug */,
				E8D7CEBF2843A019005FA33F /* Release */,
			);
			defaultConfigurationIsVisible = 0;
			defaultConfigurationName = Release;
		};
		E8D7CEC02843A019005FA33F /* Build configuration list for PBXNativeTarget "iOSTests" */ = {
			isa = XCConfigurationList;
			buildConfigurations = (
				E8D7CEC12843A019005FA33F /* Debug */,
				E8D7CEC22843A019005FA33F /* Release */,
			);
			defaultConfigurationIsVisible = 0;
			defaultConfigurationName = Release;
		};
/* End XCConfigurationList section */
	};
	rootObject = E8D7CEA02843A019005FA33F /* Project object */;
}
