// !$*UTF8*$!
{
	archiveVersion = 1;
	classes = {
	};
	objectVersion = 55;
	objects = {

/* Begin PBXBuildFile section */
		E898FFC9284C893C00FA2F1B /* AppDelegate.swift in Sources */ = {isa = PBXBuildFile; fileRef = E898FFC8284C893C00FA2F1B /* AppDelegate.swift */; };
		E898FFCB284C893C00FA2F1B /* SceneDelegate.swift in Sources */ = {isa = PBXBuildFile; fileRef = E898FFCA284C893C00FA2F1B /* SceneDelegate.swift */; };
		E898FFD2284C893D00FA2F1B /* Assets.xcassets in Resources */ = {isa = PBXBuildFile; fileRef = E898FFD1284C893D00FA2F1B /* Assets.xcassets */; };
		E898FFD5284C893D00FA2F1B /* LaunchScreen.storyboard in Resources */ = {isa = PBXBuildFile; fileRef = E898FFD3284C893D00FA2F1B /* LaunchScreen.storyboard */; };
		E89CEC9F284C8EA600403657 /* AppComposing.swift in Sources */ = {isa = PBXBuildFile; fileRef = E89CEC9E284C8EA600403657 /* AppComposing.swift */; };
		E8D88375284C934F004DDDC0 /* iOS.framework in Frameworks */ = {isa = PBXBuildFile; fileRef = E8D88374284C934F004DDDC0 /* iOS.framework */; };
		E8D88376284C934F004DDDC0 /* iOS.framework in Embed Frameworks */ = {isa = PBXBuildFile; fileRef = E8D88374284C934F004DDDC0 /* iOS.framework */; settings = {ATTRIBUTES = (CodeSignOnCopy, RemoveHeadersOnCopy, ); }; };
/* End PBXBuildFile section */

/* Begin PBXContainerItemProxy section */
		E898FFDC284C893D00FA2F1B /* PBXContainerItemProxy */ = {
			isa = PBXContainerItemProxy;
			containerPortal = E898FFBD284C893C00FA2F1B /* Project object */;
			proxyType = 1;
			remoteGlobalIDString = E898FFC4284C893C00FA2F1B;
			remoteInfo = MyCryptoApp;
		};
/* End PBXContainerItemProxy section */

/* Begin PBXCopyFilesBuildPhase section */
		E8D88377284C934F004DDDC0 /* Embed Frameworks */ = {
			isa = PBXCopyFilesBuildPhase;
			buildActionMask = 2147483647;
			dstPath = "";
			dstSubfolderSpec = 10;
			files = (
				E8D88376284C934F004DDDC0 /* iOS.framework in Embed Frameworks */,
			);
			name = "Embed Frameworks";
			runOnlyForDeploymentPostprocessing = 0;
		};
/* End PBXCopyFilesBuildPhase section */

/* Begin PBXFileReference section */
		E898FFC5284C893C00FA2F1B /* MyCryptoApp.app */ = {isa = PBXFileReference; explicitFileType = wrapper.application; includeInIndex = 0; path = MyCryptoApp.app; sourceTree = BUILT_PRODUCTS_DIR; };
		E898FFC8284C893C00FA2F1B /* AppDelegate.swift */ = {isa = PBXFileReference; lastKnownFileType = sourcecode.swift; path = AppDelegate.swift; sourceTree = "<group>"; };
		E898FFCA284C893C00FA2F1B /* SceneDelegate.swift */ = {isa = PBXFileReference; lastKnownFileType = sourcecode.swift; path = SceneDelegate.swift; sourceTree = "<group>"; };
		E898FFD1284C893D00FA2F1B /* Assets.xcassets */ = {isa = PBXFileReference; lastKnownFileType = folder.assetcatalog; path = Assets.xcassets; sourceTree = "<group>"; };
		E898FFD4284C893D00FA2F1B /* Base */ = {isa = PBXFileReference; lastKnownFileType = file.storyboard; name = Base; path = Base.lproj/LaunchScreen.storyboard; sourceTree = "<group>"; };
		E898FFD6284C893D00FA2F1B /* Info.plist */ = {isa = PBXFileReference; lastKnownFileType = text.plist.xml; path = Info.plist; sourceTree = "<group>"; };
		E898FFDB284C893D00FA2F1B /* MyCryptoAppTests.xctest */ = {isa = PBXFileReference; explicitFileType = wrapper.cfbundle; includeInIndex = 0; path = MyCryptoAppTests.xctest; sourceTree = BUILT_PRODUCTS_DIR; };
		E89CEC9E284C8EA600403657 /* AppComposing.swift */ = {isa = PBXFileReference; lastKnownFileType = sourcecode.swift; path = AppComposing.swift; sourceTree = "<group>"; };
		E8D88374284C934F004DDDC0 /* iOS.framework */ = {isa = PBXFileReference; explicitFileType = wrapper.framework; path = iOS.framework; sourceTree = BUILT_PRODUCTS_DIR; };
/* End PBXFileReference section */

/* Begin PBXFrameworksBuildPhase section */
		E898FFC2284C893C00FA2F1B /* Frameworks */ = {
			isa = PBXFrameworksBuildPhase;
			buildActionMask = 2147483647;
			files = (
				E8D88375284C934F004DDDC0 /* iOS.framework in Frameworks */,
			);
			runOnlyForDeploymentPostprocessing = 0;
		};
		E898FFD8284C893D00FA2F1B /* Frameworks */ = {
			isa = PBXFrameworksBuildPhase;
			buildActionMask = 2147483647;
			files = (
			);
			runOnlyForDeploymentPostprocessing = 0;
		};
/* End PBXFrameworksBuildPhase section */

/* Begin PBXGroup section */
		E898FFBC284C893C00FA2F1B = {
			isa = PBXGroup;
			children = (
				E898FFC7284C893C00FA2F1B /* MyCryptoApp */,
				E898FFDE284C893D00FA2F1B /* MyCryptoAppTests */,
				E898FFC6284C893C00FA2F1B /* Products */,
				E8D88373284C934F004DDDC0 /* Frameworks */,
			);
			sourceTree = "<group>";
		};
		E898FFC6284C893C00FA2F1B /* Products */ = {
			isa = PBXGroup;
			children = (
				E898FFC5284C893C00FA2F1B /* MyCryptoApp.app */,
				E898FFDB284C893D00FA2F1B /* MyCryptoAppTests.xctest */,
			);
			name = Products;
			sourceTree = "<group>";
		};
		E898FFC7284C893C00FA2F1B /* MyCryptoApp */ = {
			isa = PBXGroup;
			children = (
				E898FFC8284C893C00FA2F1B /* AppDelegate.swift */,
				E898FFCA284C893C00FA2F1B /* SceneDelegate.swift */,
				E898FFD1284C893D00FA2F1B /* Assets.xcassets */,
				E898FFD3284C893D00FA2F1B /* LaunchScreen.storyboard */,
				E898FFD6284C893D00FA2F1B /* Info.plist */,
			);
			path = MyCryptoApp;
			sourceTree = "<group>";
		};
		E898FFDE284C893D00FA2F1B /* MyCryptoAppTests */ = {
			isa = PBXGroup;
			children = (
				E89CEC9E284C8EA600403657 /* AppComposing.swift */,
			);
			path = MyCryptoAppTests;
			sourceTree = "<group>";
		};
		E8D88373284C934F004DDDC0 /* Frameworks */ = {
			isa = PBXGroup;
			children = (
				E8D88374284C934F004DDDC0 /* iOS.framework */,
			);
			name = Frameworks;
			sourceTree = "<group>";
		};
/* End PBXGroup section */

/* Begin PBXNativeTarget section */
		E898FFC4284C893C00FA2F1B /* MyCryptoApp */ = {
			isa = PBXNativeTarget;
			buildConfigurationList = E898FFEF284C893D00FA2F1B /* Build configuration list for PBXNativeTarget "MyCryptoApp" */;
			buildPhases = (
				E898FFC1284C893C00FA2F1B /* Sources */,
				E898FFC2284C893C00FA2F1B /* Frameworks */,
				E898FFC3284C893C00FA2F1B /* Resources */,
				E8D88377284C934F004DDDC0 /* Embed Frameworks */,
			);
			buildRules = (
			);
			dependencies = (
			);
			name = MyCryptoApp;
			productName = MyCryptoApp;
			productReference = E898FFC5284C893C00FA2F1B /* MyCryptoApp.app */;
			productType = "com.apple.product-type.application";
		};
		E898FFDA284C893D00FA2F1B /* MyCryptoAppTests */ = {
			isa = PBXNativeTarget;
			buildConfigurationList = E898FFF2284C893D00FA2F1B /* Build configuration list for PBXNativeTarget "MyCryptoAppTests" */;
			buildPhases = (
				E898FFD7284C893D00FA2F1B /* Sources */,
				E898FFD8284C893D00FA2F1B /* Frameworks */,
				E898FFD9284C893D00FA2F1B /* Resources */,
			);
			buildRules = (
			);
			dependencies = (
				E898FFDD284C893D00FA2F1B /* PBXTargetDependency */,
			);
			name = MyCryptoAppTests;
			productName = MyCryptoAppTests;
			productReference = E898FFDB284C893D00FA2F1B /* MyCryptoAppTests.xctest */;
			productType = "com.apple.product-type.bundle.unit-test";
		};
/* End PBXNativeTarget section */

/* Begin PBXProject section */
		E898FFBD284C893C00FA2F1B /* Project object */ = {
			isa = PBXProject;
			attributes = {
				BuildIndependentTargetsInParallel = 1;
				LastSwiftUpdateCheck = 1340;
				LastUpgradeCheck = 1340;
				TargetAttributes = {
					E898FFC4284C893C00FA2F1B = {
						CreatedOnToolsVersion = 13.4;
					};
					E898FFDA284C893D00FA2F1B = {
						CreatedOnToolsVersion = 13.4;
						LastSwiftMigration = 1340;
						TestTargetID = E898FFC4284C893C00FA2F1B;
					};
				};
			};
			buildConfigurationList = E898FFC0284C893C00FA2F1B /* Build configuration list for PBXProject "MyCryptoApp" */;
			compatibilityVersion = "Xcode 13.0";
			developmentRegion = en;
			hasScannedForEncodings = 0;
			knownRegions = (
				en,
				Base,
			);
			mainGroup = E898FFBC284C893C00FA2F1B;
			productRefGroup = E898FFC6284C893C00FA2F1B /* Products */;
			projectDirPath = "";
			projectRoot = "";
			targets = (
				E898FFC4284C893C00FA2F1B /* MyCryptoApp */,
				E898FFDA284C893D00FA2F1B /* MyCryptoAppTests */,
			);
		};
/* End PBXProject section */

/* Begin PBXResourcesBuildPhase section */
		E898FFC3284C893C00FA2F1B /* Resources */ = {
			isa = PBXResourcesBuildPhase;
			buildActionMask = 2147483647;
			files = (
				E898FFD5284C893D00FA2F1B /* LaunchScreen.storyboard in Resources */,
				E898FFD2284C893D00FA2F1B /* Assets.xcassets in Resources */,
			);
			runOnlyForDeploymentPostprocessing = 0;
		};
		E898FFD9284C893D00FA2F1B /* Resources */ = {
			isa = PBXResourcesBuildPhase;
			buildActionMask = 2147483647;
			files = (
			);
			runOnlyForDeploymentPostprocessing = 0;
		};
/* End PBXResourcesBuildPhase section */

/* Begin PBXSourcesBuildPhase section */
		E898FFC1284C893C00FA2F1B /* Sources */ = {
			isa = PBXSourcesBuildPhase;
			buildActionMask = 2147483647;
			files = (
				E898FFC9284C893C00FA2F1B /* AppDelegate.swift in Sources */,
				E898FFCB284C893C00FA2F1B /* SceneDelegate.swift in Sources */,
			);
			runOnlyForDeploymentPostprocessing = 0;
		};
		E898FFD7284C893D00FA2F1B /* Sources */ = {
			isa = PBXSourcesBuildPhase;
			buildActionMask = 2147483647;
			files = (
				E89CEC9F284C8EA600403657 /* AppComposing.swift in Sources */,
			);
			runOnlyForDeploymentPostprocessing = 0;
		};
/* End PBXSourcesBuildPhase section */

/* Begin PBXTargetDependency section */
		E898FFDD284C893D00FA2F1B /* PBXTargetDependency */ = {
			isa = PBXTargetDependency;
			target = E898FFC4284C893C00FA2F1B /* MyCryptoApp */;
			targetProxy = E898FFDC284C893D00FA2F1B /* PBXContainerItemProxy */;
		};
/* End PBXTargetDependency section */

/* Begin PBXVariantGroup section */
		E898FFD3284C893D00FA2F1B /* LaunchScreen.storyboard */ = {
			isa = PBXVariantGroup;
			children = (
				E898FFD4284C893D00FA2F1B /* Base */,
			);
			name = LaunchScreen.storyboard;
			sourceTree = "<group>";
		};
/* End PBXVariantGroup section */

/* Begin XCBuildConfiguration section */
		E898FFED284C893D00FA2F1B /* Debug */ = {
			isa = XCBuildConfiguration;
			buildSettings = {
				ALWAYS_SEARCH_USER_PATHS = NO;
				CLANG_ANALYZER_NONNULL = YES;
				CLANG_ANALYZER_NUMBER_OBJECT_CONVERSION = YES_AGGRESSIVE;
				CLANG_CXX_LANGUAGE_STANDARD = "gnu++17";
				CLANG_ENABLE_MODULES = YES;
				CLANG_ENABLE_OBJC_ARC = YES;
				CLANG_ENABLE_OBJC_WEAK = YES;
				CLANG_WARN_BLOCK_CAPTURE_AUTORELEASING = YES;
				CLANG_WARN_BOOL_CONVERSION = YES;
				CLANG_WARN_COMMA = YES;
				CLANG_WARN_CONSTANT_CONVERSION = YES;
				CLANG_WARN_DEPRECATED_OBJC_IMPLEMENTATIONS = YES;
				CLANG_WARN_DIRECT_OBJC_ISA_USAGE = YES_ERROR;
				CLANG_WARN_DOCUMENTATION_COMMENTS = YES;
				CLANG_WARN_EMPTY_BODY = YES;
				CLANG_WARN_ENUM_CONVERSION = YES;
				CLANG_WARN_INFINITE_RECURSION = YES;
				CLANG_WARN_INT_CONVERSION = YES;
				CLANG_WARN_NON_LITERAL_NULL_CONVERSION = YES;
				CLANG_WARN_OBJC_IMPLICIT_RETAIN_SELF = YES;
				CLANG_WARN_OBJC_LITERAL_CONVERSION = YES;
				CLANG_WARN_OBJC_ROOT_CLASS = YES_ERROR;
				CLANG_WARN_QUOTED_INCLUDE_IN_FRAMEWORK_HEADER = YES;
				CLANG_WARN_RANGE_LOOP_ANALYSIS = YES;
				CLANG_WARN_STRICT_PROTOTYPES = YES;
				CLANG_WARN_SUSPICIOUS_MOVE = YES;
				CLANG_WARN_UNGUARDED_AVAILABILITY = YES_AGGRESSIVE;
				CLANG_WARN_UNREACHABLE_CODE = YES;
				CLANG_WARN__DUPLICATE_METHOD_MATCH = YES;
				COPY_PHASE_STRIP = NO;
				DEBUG_INFORMATION_FORMAT = dwarf;
				ENABLE_STRICT_OBJC_MSGSEND = YES;
				ENABLE_TESTABILITY = YES;
				GCC_C_LANGUAGE_STANDARD = gnu11;
				GCC_DYNAMIC_NO_PIC = NO;
				GCC_NO_COMMON_BLOCKS = YES;
				GCC_OPTIMIZATION_LEVEL = 0;
				GCC_PREPROCESSOR_DEFINITIONS = (
					"DEBUG=1",
					"$(inherited)",
				);
				GCC_WARN_64_TO_32_BIT_CONVERSION = YES;
				GCC_WARN_ABOUT_RETURN_TYPE = YES_ERROR;
				GCC_WARN_UNDECLARED_SELECTOR = YES;
				GCC_WARN_UNINITIALIZED_AUTOS = YES_AGGRESSIVE;
				GCC_WARN_UNUSED_FUNCTION = YES;
				GCC_WARN_UNUSED_VARIABLE = YES;
				IPHONEOS_DEPLOYMENT_TARGET = 15.5;
				MTL_ENABLE_DEBUG_INFO = INCLUDE_SOURCE;
				MTL_FAST_MATH = YES;
				ONLY_ACTIVE_ARCH = YES;
				SDKROOT = iphoneos;
				SWIFT_ACTIVE_COMPILATION_CONDITIONS = DEBUG;
				SWIFT_OPTIMIZATION_LEVEL = "-Onone";
			};
			name = Debug;
		};
		E898FFEE284C893D00FA2F1B /* Release */ = {
			isa = XCBuildConfiguration;
			buildSettings = {
				ALWAYS_SEARCH_USER_PATHS = NO;
				CLANG_ANALYZER_NONNULL = YES;
				CLANG_ANALYZER_NUMBER_OBJECT_CONVERSION = YES_AGGRESSIVE;
				CLANG_CXX_LANGUAGE_STANDARD = "gnu++17";
				CLANG_ENABLE_MODULES = YES;
				CLANG_ENABLE_OBJC_ARC = YES;
				CLANG_ENABLE_OBJC_WEAK = YES;
				CLANG_WARN_BLOCK_CAPTURE_AUTORELEASING = YES;
				CLANG_WARN_BOOL_CONVERSION = YES;
				CLANG_WARN_COMMA = YES;
				CLANG_WARN_CONSTANT_CONVERSION = YES;
				CLANG_WARN_DEPRECATED_OBJC_IMPLEMENTATIONS = YES;
				CLANG_WARN_DIRECT_OBJC_ISA_USAGE = YES_ERROR;
				CLANG_WARN_DOCUMENTATION_COMMENTS = YES;
				CLANG_WARN_EMPTY_BODY = YES;
				CLANG_WARN_ENUM_CONVERSION = YES;
				CLANG_WARN_INFINITE_RECURSION = YES;
				CLANG_WARN_INT_CONVERSION = YES;
				CLANG_WARN_NON_LITERAL_NULL_CONVERSION = YES;
				CLANG_WARN_OBJC_IMPLICIT_RETAIN_SELF = YES;
				CLANG_WARN_OBJC_LITERAL_CONVERSION = YES;
				CLANG_WARN_OBJC_ROOT_CLASS = YES_ERROR;
				CLANG_WARN_QUOTED_INCLUDE_IN_FRAMEWORK_HEADER = YES;
				CLANG_WARN_RANGE_LOOP_ANALYSIS = YES;
				CLANG_WARN_STRICT_PROTOTYPES = YES;
				CLANG_WARN_SUSPICIOUS_MOVE = YES;
				CLANG_WARN_UNGUARDED_AVAILABILITY = YES_AGGRESSIVE;
				CLANG_WARN_UNREACHABLE_CODE = YES;
				CLANG_WARN__DUPLICATE_METHOD_MATCH = YES;
				COPY_PHASE_STRIP = NO;
				DEBUG_INFORMATION_FORMAT = "dwarf-with-dsym";
				ENABLE_NS_ASSERTIONS = NO;
				ENABLE_STRICT_OBJC_MSGSEND = YES;
				GCC_C_LANGUAGE_STANDARD = gnu11;
				GCC_NO_COMMON_BLOCKS = YES;
				GCC_WARN_64_TO_32_BIT_CONVERSION = YES;
				GCC_WARN_ABOUT_RETURN_TYPE = YES_ERROR;
				GCC_WARN_UNDECLARED_SELECTOR = YES;
				GCC_WARN_UNINITIALIZED_AUTOS = YES_AGGRESSIVE;
				GCC_WARN_UNUSED_FUNCTION = YES;
				GCC_WARN_UNUSED_VARIABLE = YES;
				IPHONEOS_DEPLOYMENT_TARGET = 15.5;
				MTL_ENABLE_DEBUG_INFO = NO;
				MTL_FAST_MATH = YES;
				SDKROOT = iphoneos;
				SWIFT_COMPILATION_MODE = wholemodule;
				SWIFT_OPTIMIZATION_LEVEL = "-O";
				VALIDATE_PRODUCT = YES;
			};
			name = Release;
		};
		E898FFF0284C893D00FA2F1B /* Debug */ = {
			isa = XCBuildConfiguration;
			buildSettings = {
				ASSETCATALOG_COMPILER_APPICON_NAME = AppIcon;
				ASSETCATALOG_COMPILER_GLOBAL_ACCENT_COLOR_NAME = AccentColor;
				CODE_SIGN_STYLE = Automatic;
				CURRENT_PROJECT_VERSION = 1;
				GENERATE_INFOPLIST_FILE = YES;
				INFOPLIST_FILE = MyCryptoApp/Info.plist;
				INFOPLIST_KEY_UIApplicationSupportsIndirectInputEvents = YES;
				INFOPLIST_KEY_UILaunchStoryboardName = LaunchScreen;
				INFOPLIST_KEY_UISupportedInterfaceOrientations_iPad = "UIInterfaceOrientationPortrait UIInterfaceOrientationPortraitUpsideDown UIInterfaceOrientationLandscapeLeft UIInterfaceOrientationLandscapeRight";
				INFOPLIST_KEY_UISupportedInterfaceOrientations_iPhone = "UIInterfaceOrientationPortrait UIInterfaceOrientationLandscapeLeft UIInterfaceOrientationLandscapeRight";
				LD_RUNPATH_SEARCH_PATHS = (
					"$(inherited)",
					"@executable_path/Frameworks",
				);
				MARKETING_VERSION = 1.0;
				PRODUCT_BUNDLE_IDENTIFIER = mobidevtalk.MyCryptoApp;
				PRODUCT_NAME = "$(TARGET_NAME)";
				SWIFT_EMIT_LOC_STRINGS = YES;
				SWIFT_VERSION = 5.0;
				TARGETED_DEVICE_FAMILY = "1,2";
			};
			name = Debug;
		};
		E898FFF1284C893D00FA2F1B /* Release */ = {
			isa = XCBuildConfiguration;
			buildSettings = {
				ASSETCATALOG_COMPILER_APPICON_NAME = AppIcon;
				ASSETCATALOG_COMPILER_GLOBAL_ACCENT_COLOR_NAME = AccentColor;
				CODE_SIGN_STYLE = Automatic;
				CURRENT_PROJECT_VERSION = 1;
				GENERATE_INFOPLIST_FILE = YES;
				INFOPLIST_FILE = MyCryptoApp/Info.plist;
				INFOPLIST_KEY_UIApplicationSupportsIndirectInputEvents = YES;
				INFOPLIST_KEY_UILaunchStoryboardName = LaunchScreen;
				INFOPLIST_KEY_UISupportedInterfaceOrientations_iPad = "UIInterfaceOrientationPortrait UIInterfaceOrientationPortraitUpsideDown UIInterfaceOrientationLandscapeLeft UIInterfaceOrientationLandscapeRight";
				INFOPLIST_KEY_UISupportedInterfaceOrientations_iPhone = "UIInterfaceOrientationPortrait UIInterfaceOrientationLandscapeLeft UIInterfaceOrientationLandscapeRight";
				LD_RUNPATH_SEARCH_PATHS = (
					"$(inherited)",
					"@executable_path/Frameworks",
				);
				MARKETING_VERSION = 1.0;
				PRODUCT_BUNDLE_IDENTIFIER = mobidevtalk.MyCryptoApp;
				PRODUCT_NAME = "$(TARGET_NAME)";
				SWIFT_EMIT_LOC_STRINGS = YES;
				SWIFT_VERSION = 5.0;
				TARGETED_DEVICE_FAMILY = "1,2";
			};
			name = Release;
		};
		E898FFF3284C893D00FA2F1B /* Debug */ = {
			isa = XCBuildConfiguration;
			buildSettings = {
				ALWAYS_EMBED_SWIFT_STANDARD_LIBRARIES = YES;
				BUNDLE_LOADER = "$(TEST_HOST)";
				CLANG_ENABLE_MODULES = YES;
				CODE_SIGN_STYLE = Automatic;
				CURRENT_PROJECT_VERSION = 1;
				GENERATE_INFOPLIST_FILE = YES;
				IPHONEOS_DEPLOYMENT_TARGET = 15.5;
				LD_RUNPATH_SEARCH_PATHS = (
					"$(inherited)",
					"@executable_path/Frameworks",
					"@loader_path/Frameworks",
				);
				MARKETING_VERSION = 1.0;
				PRODUCT_BUNDLE_IDENTIFIER = mobidevtalk.MyCryptoAppTests;
				PRODUCT_NAME = "$(TARGET_NAME)";
				SWIFT_EMIT_LOC_STRINGS = NO;
				SWIFT_OPTIMIZATION_LEVEL = "-Onone";
				SWIFT_VERSION = 5.0;
				TARGETED_DEVICE_FAMILY = "1,2";
				TEST_HOST = "$(BUILT_PRODUCTS_DIR)/MyCryptoApp.app/MyCryptoApp";
			};
			name = Debug;
		};
		E898FFF4284C893D00FA2F1B /* Release */ = {
			isa = XCBuildConfiguration;
			buildSettings = {
				ALWAYS_EMBED_SWIFT_STANDARD_LIBRARIES = YES;
				BUNDLE_LOADER = "$(TEST_HOST)";
				CLANG_ENABLE_MODULES = YES;
				CODE_SIGN_STYLE = Automatic;
				CURRENT_PROJECT_VERSION = 1;
				GENERATE_INFOPLIST_FILE = YES;
				IPHONEOS_DEPLOYMENT_TARGET = 15.5;
				LD_RUNPATH_SEARCH_PATHS = (
					"$(inherited)",
					"@executable_path/Frameworks",
					"@loader_path/Frameworks",
				);
				MARKETING_VERSION = 1.0;
				PRODUCT_BUNDLE_IDENTIFIER = mobidevtalk.MyCryptoAppTests;
				PRODUCT_NAME = "$(TARGET_NAME)";
				SWIFT_EMIT_LOC_STRINGS = NO;
				SWIFT_VERSION = 5.0;
				TARGETED_DEVICE_FAMILY = "1,2";
				TEST_HOST = "$(BUILT_PRODUCTS_DIR)/MyCryptoApp.app/MyCryptoApp";
			};
			name = Release;
		};
/* End XCBuildConfiguration section */

/* Begin XCConfigurationList section */
		E898FFC0284C893C00FA2F1B /* Build configuration list for PBXProject "MyCryptoApp" */ = {
			isa = XCConfigurationList;
			buildConfigurations = (
				E898FFED284C893D00FA2F1B /* Debug */,
				E898FFEE284C893D00FA2F1B /* Release */,
			);
			defaultConfigurationIsVisible = 0;
			defaultConfigurationName = Release;
		};
		E898FFEF284C893D00FA2F1B /* Build configuration list for PBXNativeTarget "MyCryptoApp" */ = {
			isa = XCConfigurationList;
			buildConfigurations = (
				E898FFF0284C893D00FA2F1B /* Debug */,
				E898FFF1284C893D00FA2F1B /* Release */,
			);
			defaultConfigurationIsVisible = 0;
			defaultConfigurationName = Release;
		};
		E898FFF2284C893D00FA2F1B /* Build configuration list for PBXNativeTarget "MyCryptoAppTests" */ = {
			isa = XCConfigurationList;
			buildConfigurations = (
				E898FFF3284C893D00FA2F1B /* Debug */,
				E898FFF4284C893D00FA2F1B /* Release */,
			);
			defaultConfigurationIsVisible = 0;
			defaultConfigurationName = Release;
		};
/* End XCConfigurationList section */
	};
	rootObject = E898FFBD284C893C00FA2F1B /* Project object */;
}
