// !$*UTF8*$!
{
	archiveVersion = 1;
	classes = {
	};
	objectVersion = 55;
	objects = {

/* Begin PBXBuildFile section */
		E826D3A328413947004062AB /* URLSessionHTTPClient.swift in Sources */ = {isa = PBXBuildFile; fileRef = E826D3A228413947004062AB /* URLSessionHTTPClient.swift */; };
		E8AF944F28409D9500884741 /* CryptoLoader.docc in Sources */ = {isa = PBXBuildFile; fileRef = E8AF944E28409D9500884741 /* CryptoLoader.docc */; };
		E8AF945528409D9500884741 /* CryptoLoader.framework in Frameworks */ = {isa = PBXBuildFile; fileRef = E8AF944A28409D9500884741 /* CryptoLoader.framework */; };
		E8AF94652840A6B200884741 /* RemoteLoaderTests.swift in Sources */ = {isa = PBXBuildFile; fileRef = E8AF94642840A6B200884741 /* RemoteLoaderTests.swift */; };
		E8AF94682840DD1000884741 /* TestHelper.swift in Sources */ = {isa = PBXBuildFile; fileRef = E8AF94672840DD1000884741 /* TestHelper.swift */; };
		E8AF94772840F39100884741 /* HTTPClient.swift in Sources */ = {isa = PBXBuildFile; fileRef = E8AF94752840F39100884741 /* HTTPClient.swift */; };
		E8AF94782840F39100884741 /* HTTPResult.swift in Sources */ = {isa = PBXBuildFile; fileRef = E8AF94762840F39100884741 /* HTTPResult.swift */; };
		E8AF947B2840FD5300884741 /* RemoteLoader.swift in Sources */ = {isa = PBXBuildFile; fileRef = E8AF947A2840FD5300884741 /* RemoteLoader.swift */; };
		E8AF947D284109AC00884741 /* URLSessionHTTPClientTests.swift in Sources */ = {isa = PBXBuildFile; fileRef = E8AF947C284109AC00884741 /* URLSessionHTTPClientTests.swift */; };
/* End PBXBuildFile section */

/* Begin PBXContainerItemProxy section */
		E8AF945628409D9500884741 /* PBXContainerItemProxy */ = {
			isa = PBXContainerItemProxy;
			containerPortal = E8AF944128409D9500884741 /* Project object */;
			proxyType = 1;
			remoteGlobalIDString = E8AF944928409D9500884741;
			remoteInfo = CryptoLoader;
		};
/* End PBXContainerItemProxy section */

/* Begin PBXFileReference section */
		E826D3A228413947004062AB /* URLSessionHTTPClient.swift */ = {isa = PBXFileReference; lastKnownFileType = sourcecode.swift; path = URLSessionHTTPClient.swift; sourceTree = "<group>"; };
		E8AF944A28409D9500884741 /* CryptoLoader.framework */ = {isa = PBXFileReference; explicitFileType = wrapper.framework; includeInIndex = 0; path = CryptoLoader.framework; sourceTree = BUILT_PRODUCTS_DIR; };
		E8AF944E28409D9500884741 /* CryptoLoader.docc */ = {isa = PBXFileReference; lastKnownFileType = folder.documentationcatalog; path = CryptoLoader.docc; sourceTree = "<group>"; };
		E8AF945428409D9500884741 /* CryptoLoaderTests.xctest */ = {isa = PBXFileReference; explicitFileType = wrapper.cfbundle; includeInIndex = 0; path = CryptoLoaderTests.xctest; sourceTree = BUILT_PRODUCTS_DIR; };
		E8AF94642840A6B200884741 /* RemoteLoaderTests.swift */ = {isa = PBXFileReference; lastKnownFileType = sourcecode.swift; path = RemoteLoaderTests.swift; sourceTree = "<group>"; };
		E8AF94672840DD1000884741 /* TestHelper.swift */ = {isa = PBXFileReference; lastKnownFileType = sourcecode.swift; path = TestHelper.swift; sourceTree = "<group>"; };
		E8AF94752840F39100884741 /* HTTPClient.swift */ = {isa = PBXFileReference; fileEncoding = 4; lastKnownFileType = sourcecode.swift; path = HTTPClient.swift; sourceTree = "<group>"; };
		E8AF94762840F39100884741 /* HTTPResult.swift */ = {isa = PBXFileReference; fileEncoding = 4; lastKnownFileType = sourcecode.swift; path = HTTPResult.swift; sourceTree = "<group>"; };
		E8AF947A2840FD5300884741 /* RemoteLoader.swift */ = {isa = PBXFileReference; lastKnownFileType = sourcecode.swift; path = RemoteLoader.swift; sourceTree = "<group>"; };
		E8AF947C284109AC00884741 /* URLSessionHTTPClientTests.swift */ = {isa = PBXFileReference; lastKnownFileType = sourcecode.swift; path = URLSessionHTTPClientTests.swift; sourceTree = "<group>"; };
/* End PBXFileReference section */

/* Begin PBXFrameworksBuildPhase section */
		E8AF944728409D9500884741 /* Frameworks */ = {
			isa = PBXFrameworksBuildPhase;
			buildActionMask = 2147483647;
			files = (
			);
			runOnlyForDeploymentPostprocessing = 0;
		};
		E8AF945128409D9500884741 /* Frameworks */ = {
			isa = PBXFrameworksBuildPhase;
			buildActionMask = 2147483647;
			files = (
				E8AF945528409D9500884741 /* CryptoLoader.framework in Frameworks */,
			);
			runOnlyForDeploymentPostprocessing = 0;
		};
/* End PBXFrameworksBuildPhase section */

/* Begin PBXGroup section */
		E8AF944028409D9500884741 = {
			isa = PBXGroup;
			children = (
				E8AF944C28409D9500884741 /* CryptoLoader */,
				E8AF945828409D9500884741 /* CryptoLoaderTests */,
				E8AF944B28409D9500884741 /* Products */,
			);
			sourceTree = "<group>";
		};
		E8AF944B28409D9500884741 /* Products */ = {
			isa = PBXGroup;
			children = (
				E8AF944A28409D9500884741 /* CryptoLoader.framework */,
				E8AF945428409D9500884741 /* CryptoLoaderTests.xctest */,
			);
			name = Products;
			sourceTree = "<group>";
		};
		E8AF944C28409D9500884741 /* CryptoLoader */ = {
			isa = PBXGroup;
			children = (
				E8AF94792840FD3C00884741 /* RemoteLoader */,
				E8AF94742840F37800884741 /* HTTP */,
				E8AF944E28409D9500884741 /* CryptoLoader.docc */,
			);
			path = CryptoLoader;
			sourceTree = "<group>";
		};
		E8AF945828409D9500884741 /* CryptoLoaderTests */ = {
			isa = PBXGroup;
			children = (
				E8AF94662840DCFB00884741 /* Helper */,
				E8AF94642840A6B200884741 /* RemoteLoaderTests.swift */,
				E8AF947C284109AC00884741 /* URLSessionHTTPClientTests.swift */,
			);
			path = CryptoLoaderTests;
			sourceTree = "<group>";
		};
		E8AF94662840DCFB00884741 /* Helper */ = {
			isa = PBXGroup;
			children = (
				E8AF94672840DD1000884741 /* TestHelper.swift */,
			);
			path = Helper;
			sourceTree = "<group>";
		};
		E8AF94742840F37800884741 /* HTTP */ = {
			isa = PBXGroup;
			children = (
				E8AF94752840F39100884741 /* HTTPClient.swift */,
				E8AF94762840F39100884741 /* HTTPResult.swift */,
				E826D3A228413947004062AB /* URLSessionHTTPClient.swift */,
			);
			path = HTTP;
			sourceTree = "<group>";
		};
		E8AF94792840FD3C00884741 /* RemoteLoader */ = {
			isa = PBXGroup;
			children = (
				E8AF947A2840FD5300884741 /* RemoteLoader.swift */,
			);
			path = RemoteLoader;
			sourceTree = "<group>";
		};
/* End PBXGroup section */

/* Begin PBXHeadersBuildPhase section */
		E8AF944528409D9500884741 /* Headers */ = {
			isa = PBXHeadersBuildPhase;
			buildActionMask = 2147483647;
			files = (
			);
			runOnlyForDeploymentPostprocessing = 0;
		};
/* End PBXHeadersBuildPhase section */

/* Begin PBXNativeTarget section */
		E8AF944928409D9500884741 /* CryptoLoader */ = {
			isa = PBXNativeTarget;
			buildConfigurationList = E8AF945E28409D9500884741 /* Build configuration list for PBXNativeTarget "CryptoLoader" */;
			buildPhases = (
				E8AF944528409D9500884741 /* Headers */,
				E8AF944628409D9500884741 /* Sources */,
				E8AF944728409D9500884741 /* Frameworks */,
				E8AF944828409D9500884741 /* Resources */,
			);
			buildRules = (
			);
			dependencies = (
			);
			name = CryptoLoader;
			productName = CryptoLoader;
			productReference = E8AF944A28409D9500884741 /* CryptoLoader.framework */;
			productType = "com.apple.product-type.framework";
		};
		E8AF945328409D9500884741 /* CryptoLoaderTests */ = {
			isa = PBXNativeTarget;
			buildConfigurationList = E8AF946128409D9500884741 /* Build configuration list for PBXNativeTarget "CryptoLoaderTests" */;
			buildPhases = (
				E8AF945028409D9500884741 /* Sources */,
				E8AF945128409D9500884741 /* Frameworks */,
				E8AF945228409D9500884741 /* Resources */,
			);
			buildRules = (
			);
			dependencies = (
				E8AF945728409D9500884741 /* PBXTargetDependency */,
			);
			name = CryptoLoaderTests;
			productName = CryptoLoaderTests;
			productReference = E8AF945428409D9500884741 /* CryptoLoaderTests.xctest */;
			productType = "com.apple.product-type.bundle.unit-test";
		};
/* End PBXNativeTarget section */

/* Begin PBXProject section */
		E8AF944128409D9500884741 /* Project object */ = {
			isa = PBXProject;
			attributes = {
				BuildIndependentTargetsInParallel = 1;
				LastSwiftUpdateCheck = 1340;
				LastUpgradeCheck = 1340;
				TargetAttributes = {
					E8AF944928409D9500884741 = {
						CreatedOnToolsVersion = 13.4;
					};
					E8AF945328409D9500884741 = {
						CreatedOnToolsVersion = 13.4;
					};
				};
			};
			buildConfigurationList = E8AF944428409D9500884741 /* Build configuration list for PBXProject "CryptoLoader" */;
			compatibilityVersion = "Xcode 13.0";
			developmentRegion = en;
			hasScannedForEncodings = 0;
			knownRegions = (
				en,
				Base,
			);
			mainGroup = E8AF944028409D9500884741;
			productRefGroup = E8AF944B28409D9500884741 /* Products */;
			projectDirPath = "";
			projectRoot = "";
			targets = (
				E8AF944928409D9500884741 /* CryptoLoader */,
				E8AF945328409D9500884741 /* CryptoLoaderTests */,
			);
		};
/* End PBXProject section */

/* Begin PBXResourcesBuildPhase section */
		E8AF944828409D9500884741 /* Resources */ = {
			isa = PBXResourcesBuildPhase;
			buildActionMask = 2147483647;
			files = (
			);
			runOnlyForDeploymentPostprocessing = 0;
		};
		E8AF945228409D9500884741 /* Resources */ = {
			isa = PBXResourcesBuildPhase;
			buildActionMask = 2147483647;
			files = (
			);
			runOnlyForDeploymentPostprocessing = 0;
		};
/* End PBXResourcesBuildPhase section */

/* Begin PBXSourcesBuildPhase section */
		E8AF944628409D9500884741 /* Sources */ = {
			isa = PBXSourcesBuildPhase;
			buildActionMask = 2147483647;
			files = (
				E8AF947B2840FD5300884741 /* RemoteLoader.swift in Sources */,
				E826D3A328413947004062AB /* URLSessionHTTPClient.swift in Sources */,
				E8AF94782840F39100884741 /* HTTPResult.swift in Sources */,
				E8AF94772840F39100884741 /* HTTPClient.swift in Sources */,
				E8AF944F28409D9500884741 /* CryptoLoader.docc in Sources */,
			);
			runOnlyForDeploymentPostprocessing = 0;
		};
		E8AF945028409D9500884741 /* Sources */ = {
			isa = PBXSourcesBuildPhase;
			buildActionMask = 2147483647;
			files = (
				E8AF94652840A6B200884741 /* RemoteLoaderTests.swift in Sources */,
				E8AF947D284109AC00884741 /* URLSessionHTTPClientTests.swift in Sources */,
				E8AF94682840DD1000884741 /* TestHelper.swift in Sources */,
			);
			runOnlyForDeploymentPostprocessing = 0;
		};
/* End PBXSourcesBuildPhase section */

/* Begin PBXTargetDependency section */
		E8AF945728409D9500884741 /* PBXTargetDependency */ = {
			isa = PBXTargetDependency;
			target = E8AF944928409D9500884741 /* CryptoLoader */;
			targetProxy = E8AF945628409D9500884741 /* PBXContainerItemProxy */;
		};
/* End PBXTargetDependency section */

/* Begin XCBuildConfiguration section */
		E8AF945C28409D9500884741 /* Debug */ = {
			isa = XCBuildConfiguration;
			buildSettings = {
				ALWAYS_SEARCH_USER_PATHS = NO;
				CLANG_ANALYZER_NONNULL = YES;
				CLANG_ANALYZER_NUMBER_OBJECT_CONVERSION = YES_AGGRESSIVE;
				CLANG_CXX_LANGUAGE_STANDARD = "gnu++17";
				CLANG_ENABLE_MODULES = YES;
				CLANG_ENABLE_OBJC_ARC = YES;
				CLANG_ENABLE_OBJC_WEAK = YES;
				CLANG_WARN_BLOCK_CAPTURE_AUTORELEASING = YES;
				CLANG_WARN_BOOL_CONVERSION = YES;
				CLANG_WARN_COMMA = YES;
				CLANG_WARN_CONSTANT_CONVERSION = YES;
				CLANG_WARN_DEPRECATED_OBJC_IMPLEMENTATIONS = YES;
				CLANG_WARN_DIRECT_OBJC_ISA_USAGE = YES_ERROR;
				CLANG_WARN_DOCUMENTATION_COMMENTS = YES;
				CLANG_WARN_EMPTY_BODY = YES;
				CLANG_WARN_ENUM_CONVERSION = YES;
				CLANG_WARN_INFINITE_RECURSION = YES;
				CLANG_WARN_INT_CONVERSION = YES;
				CLANG_WARN_NON_LITERAL_NULL_CONVERSION = YES;
				CLANG_WARN_OBJC_IMPLICIT_RETAIN_SELF = YES;
				CLANG_WARN_OBJC_LITERAL_CONVERSION = YES;
				CLANG_WARN_OBJC_ROOT_CLASS = YES_ERROR;
				CLANG_WARN_QUOTED_INCLUDE_IN_FRAMEWORK_HEADER = YES;
				CLANG_WARN_RANGE_LOOP_ANALYSIS = YES;
				CLANG_WARN_STRICT_PROTOTYPES = YES;
				CLANG_WARN_SUSPICIOUS_MOVE = YES;
				CLANG_WARN_UNGUARDED_AVAILABILITY = YES_AGGRESSIVE;
				CLANG_WARN_UNREACHABLE_CODE = YES;
				CLANG_WARN__DUPLICATE_METHOD_MATCH = YES;
				COPY_PHASE_STRIP = NO;
				CURRENT_PROJECT_VERSION = 1;
				DEBUG_INFORMATION_FORMAT = dwarf;
				ENABLE_STRICT_OBJC_MSGSEND = YES;
				ENABLE_TESTABILITY = YES;
				GCC_C_LANGUAGE_STANDARD = gnu11;
				GCC_DYNAMIC_NO_PIC = NO;
				GCC_NO_COMMON_BLOCKS = YES;
				GCC_OPTIMIZATION_LEVEL = 0;
				GCC_PREPROCESSOR_DEFINITIONS = (
					"DEBUG=1",
					"$(inherited)",
				);
				GCC_WARN_64_TO_32_BIT_CONVERSION = YES;
				GCC_WARN_ABOUT_RETURN_TYPE = YES_ERROR;
				GCC_WARN_UNDECLARED_SELECTOR = YES;
				GCC_WARN_UNINITIALIZED_AUTOS = YES_AGGRESSIVE;
				GCC_WARN_UNUSED_FUNCTION = YES;
				GCC_WARN_UNUSED_VARIABLE = YES;
				MACOSX_DEPLOYMENT_TARGET = 12.3;
				MTL_ENABLE_DEBUG_INFO = INCLUDE_SOURCE;
				MTL_FAST_MATH = YES;
				ONLY_ACTIVE_ARCH = YES;
				SDKROOT = macosx;
				SWIFT_ACTIVE_COMPILATION_CONDITIONS = DEBUG;
				SWIFT_OPTIMIZATION_LEVEL = "-Onone";
				VERSIONING_SYSTEM = "apple-generic";
				VERSION_INFO_PREFIX = "";
			};
			name = Debug;
		};
		E8AF945D28409D9500884741 /* Release */ = {
			isa = XCBuildConfiguration;
			buildSettings = {
				ALWAYS_SEARCH_USER_PATHS = NO;
				CLANG_ANALYZER_NONNULL = YES;
				CLANG_ANALYZER_NUMBER_OBJECT_CONVERSION = YES_AGGRESSIVE;
				CLANG_CXX_LANGUAGE_STANDARD = "gnu++17";
				CLANG_ENABLE_MODULES = YES;
				CLANG_ENABLE_OBJC_ARC = YES;
				CLANG_ENABLE_OBJC_WEAK = YES;
				CLANG_WARN_BLOCK_CAPTURE_AUTORELEASING = YES;
				CLANG_WARN_BOOL_CONVERSION = YES;
				CLANG_WARN_COMMA = YES;
				CLANG_WARN_CONSTANT_CONVERSION = YES;
				CLANG_WARN_DEPRECATED_OBJC_IMPLEMENTATIONS = YES;
				CLANG_WARN_DIRECT_OBJC_ISA_USAGE = YES_ERROR;
				CLANG_WARN_DOCUMENTATION_COMMENTS = YES;
				CLANG_WARN_EMPTY_BODY = YES;
				CLANG_WARN_ENUM_CONVERSION = YES;
				CLANG_WARN_INFINITE_RECURSION = YES;
				CLANG_WARN_INT_CONVERSION = YES;
				CLANG_WARN_NON_LITERAL_NULL_CONVERSION = YES;
				CLANG_WARN_OBJC_IMPLICIT_RETAIN_SELF = YES;
				CLANG_WARN_OBJC_LITERAL_CONVERSION = YES;
				CLANG_WARN_OBJC_ROOT_CLASS = YES_ERROR;
				CLANG_WARN_QUOTED_INCLUDE_IN_FRAMEWORK_HEADER = YES;
				CLANG_WARN_RANGE_LOOP_ANALYSIS = YES;
				CLANG_WARN_STRICT_PROTOTYPES = YES;
				CLANG_WARN_SUSPICIOUS_MOVE = YES;
				CLANG_WARN_UNGUARDED_AVAILABILITY = YES_AGGRESSIVE;
				CLANG_WARN_UNREACHABLE_CODE = YES;
				CLANG_WARN__DUPLICATE_METHOD_MATCH = YES;
				COPY_PHASE_STRIP = NO;
				CURRENT_PROJECT_VERSION = 1;
				DEBUG_INFORMATION_FORMAT = "dwarf-with-dsym";
				ENABLE_NS_ASSERTIONS = NO;
				ENABLE_STRICT_OBJC_MSGSEND = YES;
				GCC_C_LANGUAGE_STANDARD = gnu11;
				GCC_NO_COMMON_BLOCKS = YES;
				GCC_WARN_64_TO_32_BIT_CONVERSION = YES;
				GCC_WARN_ABOUT_RETURN_TYPE = YES_ERROR;
				GCC_WARN_UNDECLARED_SELECTOR = YES;
				GCC_WARN_UNINITIALIZED_AUTOS = YES_AGGRESSIVE;
				GCC_WARN_UNUSED_FUNCTION = YES;
				GCC_WARN_UNUSED_VARIABLE = YES;
				MACOSX_DEPLOYMENT_TARGET = 12.3;
				MTL_ENABLE_DEBUG_INFO = NO;
				MTL_FAST_MATH = YES;
				SDKROOT = macosx;
				SWIFT_COMPILATION_MODE = wholemodule;
				SWIFT_OPTIMIZATION_LEVEL = "-O";
				VERSIONING_SYSTEM = "apple-generic";
				VERSION_INFO_PREFIX = "";
			};
			name = Release;
		};
		E8AF945F28409D9500884741 /* Debug */ = {
			isa = XCBuildConfiguration;
			buildSettings = {
				CODE_SIGN_STYLE = Automatic;
				COMBINE_HIDPI_IMAGES = YES;
				CURRENT_PROJECT_VERSION = 1;
				DEFINES_MODULE = YES;
				DYLIB_COMPATIBILITY_VERSION = 1;
				DYLIB_CURRENT_VERSION = 1;
				DYLIB_INSTALL_NAME_BASE = "@rpath";
				GENERATE_INFOPLIST_FILE = YES;
				INFOPLIST_KEY_NSHumanReadableCopyright = "";
				INSTALL_PATH = "$(LOCAL_LIBRARY_DIR)/Frameworks";
				LD_RUNPATH_SEARCH_PATHS = (
					"$(inherited)",
					"@executable_path/../Frameworks",
					"@loader_path/Frameworks",
				);
				MARKETING_VERSION = 1.0;
				PRODUCT_BUNDLE_IDENTIFIER = mobidevtalk.CryptoLoader;
				PRODUCT_NAME = "$(TARGET_NAME:c99extidentifier)";
				SKIP_INSTALL = YES;
				SWIFT_EMIT_LOC_STRINGS = YES;
				SWIFT_VERSION = 5.0;
			};
			name = Debug;
		};
		E8AF946028409D9500884741 /* Release */ = {
			isa = XCBuildConfiguration;
			buildSettings = {
				CODE_SIGN_STYLE = Automatic;
				COMBINE_HIDPI_IMAGES = YES;
				CURRENT_PROJECT_VERSION = 1;
				DEFINES_MODULE = YES;
				DYLIB_COMPATIBILITY_VERSION = 1;
				DYLIB_CURRENT_VERSION = 1;
				DYLIB_INSTALL_NAME_BASE = "@rpath";
				GENERATE_INFOPLIST_FILE = YES;
				INFOPLIST_KEY_NSHumanReadableCopyright = "";
				INSTALL_PATH = "$(LOCAL_LIBRARY_DIR)/Frameworks";
				LD_RUNPATH_SEARCH_PATHS = (
					"$(inherited)",
					"@executable_path/../Frameworks",
					"@loader_path/Frameworks",
				);
				MARKETING_VERSION = 1.0;
				PRODUCT_BUNDLE_IDENTIFIER = mobidevtalk.CryptoLoader;
				PRODUCT_NAME = "$(TARGET_NAME:c99extidentifier)";
				SKIP_INSTALL = YES;
				SWIFT_EMIT_LOC_STRINGS = YES;
				SWIFT_VERSION = 5.0;
			};
			name = Release;
		};
		E8AF946228409D9500884741 /* Debug */ = {
			isa = XCBuildConfiguration;
			buildSettings = {
				ALWAYS_EMBED_SWIFT_STANDARD_LIBRARIES = YES;
				CODE_SIGN_STYLE = Automatic;
				CURRENT_PROJECT_VERSION = 1;
				GENERATE_INFOPLIST_FILE = YES;
				MARKETING_VERSION = 1.0;
				PRODUCT_BUNDLE_IDENTIFIER = mobidevtalk.CryptoLoaderTests;
				PRODUCT_NAME = "$(TARGET_NAME)";
				SWIFT_EMIT_LOC_STRINGS = NO;
				SWIFT_VERSION = 5.0;
			};
			name = Debug;
		};
		E8AF946328409D9500884741 /* Release */ = {
			isa = XCBuildConfiguration;
			buildSettings = {
				ALWAYS_EMBED_SWIFT_STANDARD_LIBRARIES = YES;
				CODE_SIGN_STYLE = Automatic;
				CURRENT_PROJECT_VERSION = 1;
				GENERATE_INFOPLIST_FILE = YES;
				MARKETING_VERSION = 1.0;
				PRODUCT_BUNDLE_IDENTIFIER = mobidevtalk.CryptoLoaderTests;
				PRODUCT_NAME = "$(TARGET_NAME)";
				SWIFT_EMIT_LOC_STRINGS = NO;
				SWIFT_VERSION = 5.0;
			};
			name = Release;
		};
/* End XCBuildConfiguration section */

/* Begin XCConfigurationList section */
		E8AF944428409D9500884741 /* Build configuration list for PBXProject "CryptoLoader" */ = {
			isa = XCConfigurationList;
			buildConfigurations = (
				E8AF945C28409D9500884741 /* Debug */,
				E8AF945D28409D9500884741 /* Release */,
			);
			defaultConfigurationIsVisible = 0;
			defaultConfigurationName = Release;
		};
		E8AF945E28409D9500884741 /* Build configuration list for PBXNativeTarget "CryptoLoader" */ = {
			isa = XCConfigurationList;
			buildConfigurations = (
				E8AF945F28409D9500884741 /* Debug */,
				E8AF946028409D9500884741 /* Release */,
			);
			defaultConfigurationIsVisible = 0;
			defaultConfigurationName = Release;
		};
		E8AF946128409D9500884741 /* Build configuration list for PBXNativeTarget "CryptoLoaderTests" */ = {
			isa = XCConfigurationList;
			buildConfigurations = (
				E8AF946228409D9500884741 /* Debug */,
				E8AF946328409D9500884741 /* Release */,
			);
			defaultConfigurationIsVisible = 0;
			defaultConfigurationName = Release;
		};
/* End XCConfigurationList section */
	};
	rootObject = E8AF944128409D9500884741 /* Project object */;
}
